// !$*UTF8*$!
{
	archiveVersion = 1;
	classes = {
	};
	objectVersion = 46;
	objects = {

/* Begin PBXBuildFile section */
		00E356F31AD99517003FC87E /* datizhuanqianTests.m in Sources */ = {isa = PBXBuildFile; fileRef = 00E356F21AD99517003FC87E /* datizhuanqianTests.m */; };
		13B07FBC1A68108700A75B9A /* AppDelegate.m in Sources */ = {isa = PBXBuildFile; fileRef = 13B07FB01A68108700A75B9A /* AppDelegate.m */; };
		13B07FBD1A68108700A75B9A /* LaunchScreen.xib in Resources */ = {isa = PBXBuildFile; fileRef = 13B07FB11A68108700A75B9A /* LaunchScreen.xib */; };
		13B07FBF1A68108700A75B9A /* Images.xcassets in Resources */ = {isa = PBXBuildFile; fileRef = 13B07FB51A68108700A75B9A /* Images.xcassets */; };
		13B07FC11A68108700A75B9A /* main.m in Sources */ = {isa = PBXBuildFile; fileRef = 13B07FB71A68108700A75B9A /* main.m */; };
		154AB7AD5FACF7331944925A /* libPods-datizhuanqian-tvOS.a in Frameworks */ = {isa = PBXBuildFile; fileRef = D342D97E3872FB9B6F22F62F /* libPods-datizhuanqian-tvOS.a */; };
		2C3378844F24649C9D2DCEEA /* libPods-datizhuanqianTests.a in Frameworks */ = {isa = PBXBuildFile; fileRef = A4AA499D7C2C9D10BE6A03D5 /* libPods-datizhuanqianTests.a */; };
		2D02E4BC1E0B4A80006451C7 /* AppDelegate.m in Sources */ = {isa = PBXBuildFile; fileRef = 13B07FB01A68108700A75B9A /* AppDelegate.m */; };
		2D02E4BD1E0B4A84006451C7 /* Images.xcassets in Resources */ = {isa = PBXBuildFile; fileRef = 13B07FB51A68108700A75B9A /* Images.xcassets */; };
		2D02E4BF1E0B4AB3006451C7 /* main.m in Sources */ = {isa = PBXBuildFile; fileRef = 13B07FB71A68108700A75B9A /* main.m */; };
		2DCD954D1E0B4F2C00145EB5 /* datizhuanqianTests.m in Sources */ = {isa = PBXBuildFile; fileRef = 00E356F21AD99517003FC87E /* datizhuanqianTests.m */; };
		4ADF539430084AB9592CEEB7 /* libPods-datizhuanqian.a in Frameworks */ = {isa = PBXBuildFile; fileRef = BAC5C74146B56875F3C9EEE2 /* libPods-datizhuanqian.a */; };
		8326C7B72FFB45CEB4C18A03 /* iconfont.ttf in Resources */ = {isa = PBXBuildFile; fileRef = 65BFE09E2B844B25A20FFFEB /* iconfont.ttf */; };
		B7DC401B2322131600406F34 /* BUAdSDK.bundle in Resources */ = {isa = PBXBuildFile; fileRef = B7DC40192322131600406F34 /* BUAdSDK.bundle */; };
		B7DC401C2322131600406F34 /* BUAdSDK.framework in Frameworks */ = {isa = PBXBuildFile; fileRef = B7DC401A2322131600406F34 /* BUAdSDK.framework */; };
		B7DC401E2322137700406F34 /* StoreKit.framework in Frameworks */ = {isa = PBXBuildFile; fileRef = B7DC401D2322137700406F34 /* StoreKit.framework */; };
		B7DC40202322137E00406F34 /* MobileCoreServices.framework in Frameworks */ = {isa = PBXBuildFile; fileRef = B7DC401F2322137E00406F34 /* MobileCoreServices.framework */; };
		B7DC40222322138400406F34 /* WebKit.framework in Frameworks */ = {isa = PBXBuildFile; fileRef = B7DC40212322138400406F34 /* WebKit.framework */; };
		B7DC40242322138A00406F34 /* CoreMedia.framework in Frameworks */ = {isa = PBXBuildFile; fileRef = B7DC40232322138A00406F34 /* CoreMedia.framework */; };
		B7DC40262322139200406F34 /* AVFoundation.framework in Frameworks */ = {isa = PBXBuildFile; fileRef = B7DC40252322139200406F34 /* AVFoundation.framework */; };
		B7DC40282322139E00406F34 /* CoreTelephony.framework in Frameworks */ = {isa = PBXBuildFile; fileRef = B7DC40272322139E00406F34 /* CoreTelephony.framework */; };
		B7DC402A232213A900406F34 /* SystemConfiguration.framework in Frameworks */ = {isa = PBXBuildFile; fileRef = B7DC4029232213A900406F34 /* SystemConfiguration.framework */; };
		B7DC402C232213B100406F34 /* AdSupport.framework in Frameworks */ = {isa = PBXBuildFile; fileRef = B7DC402B232213B100406F34 /* AdSupport.framework */; };
		B7DC402E232213BD00406F34 /* CoreMotion.framework in Frameworks */ = {isa = PBXBuildFile; fileRef = B7DC402D232213BD00406F34 /* CoreMotion.framework */; };
		B7DC4030232213C600406F34 /* libresolv.9.tbd in Frameworks */ = {isa = PBXBuildFile; fileRef = B7DC402F232213C600406F34 /* libresolv.9.tbd */; };
		B7DC4032232213D000406F34 /* libc++.tbd in Frameworks */ = {isa = PBXBuildFile; fileRef = B7DC4031232213D000406F34 /* libc++.tbd */; };
		B7DC4034232213D700406F34 /* libz.tbd in Frameworks */ = {isa = PBXBuildFile; fileRef = B7DC4033232213D700406F34 /* libz.tbd */; };
		B7DC40702322221500406F34 /* BUDSlotViewModel.m in Sources */ = {isa = PBXBuildFile; fileRef = B7DC403F2322221500406F34 /* BUDSlotViewModel.m */; };
		B7DC40712322221500406F34 /* BUDBase64.m in Sources */ = {isa = PBXBuildFile; fileRef = B7DC40442322221500406F34 /* BUDBase64.m */; };
		B7DC40722322221500406F34 /* UIView+Draw.m in Sources */ = {isa = PBXBuildFile; fileRef = B7DC40472322221500406F34 /* UIView+Draw.m */; };
		B7DC40732322221500406F34 /* NSString+Json.m in Sources */ = {isa = PBXBuildFile; fileRef = B7DC40482322221500406F34 /* NSString+Json.m */; };
		B7DC40742322221500406F34 /* NSString+LocalizedString.m in Sources */ = {isa = PBXBuildFile; fileRef = B7DC40492322221500406F34 /* NSString+LocalizedString.m */; };
		B7DC40752322221500406F34 /* RRFPSBar.m in Sources */ = {isa = PBXBuildFile; fileRef = B7DC404F2322221500406F34 /* RRFPSBar.m */; };
		B7DC40762322221500406F34 /* BUDCocoaSecurity.m in Sources */ = {isa = PBXBuildFile; fileRef = B7DC40512322221500406F34 /* BUDCocoaSecurity.m */; };
		B7DC40772322221500406F34 /* RewardVideo.m in Sources */ = {isa = PBXBuildFile; fileRef = B7DC40522322221500406F34 /* RewardVideo.m */; };
		B7DC40782322221500406F34 /* BUDRewardedVideoAdViewController.m in Sources */ = {isa = PBXBuildFile; fileRef = B7DC40542322221500406F34 /* BUDRewardedVideoAdViewController.m */; };
		B7DC40792322221500406F34 /* BUDSplashViewController.m in Sources */ = {isa = PBXBuildFile; fileRef = B7DC40572322221500406F34 /* BUDSplashViewController.m */; };
		B7DC407A2322221500406F34 /* BUDConfigHelper.m in Sources */ = {isa = PBXBuildFile; fileRef = B7DC405A2322221500406F34 /* BUDConfigHelper.m */; };
		B7DC407B2322221500406F34 /* BUDFeedNormalTableViewCell.m in Sources */ = {isa = PBXBuildFile; fileRef = B7DC405D2322221500406F34 /* BUDFeedNormalTableViewCell.m */; };
		B7DC407C2322221500406F34 /* BUDRefreshButton.m in Sources */ = {isa = PBXBuildFile; fileRef = B7DC405E2322221500406F34 /* BUDRefreshButton.m */; };
		B7DC407D2322221500406F34 /* BUDNormalButton.m in Sources */ = {isa = PBXBuildFile; fileRef = B7DC405F2322221500406F34 /* BUDNormalButton.m */; };
		B7DC407E2322221500406F34 /* BUDSettingTableView.m in Sources */ = {isa = PBXBuildFile; fileRef = B7DC40622322221500406F34 /* BUDSettingTableView.m */; };
		B7DC407F2322221500406F34 /* BUDFeedStyleHelper.m in Sources */ = {isa = PBXBuildFile; fileRef = B7DC40632322221500406F34 /* BUDFeedStyleHelper.m */; };
		B7DC40802322221500406F34 /* BUDDrawTableViewCell.m in Sources */ = {isa = PBXBuildFile; fileRef = B7DC40642322221500406F34 /* BUDDrawTableViewCell.m */; };
		B7DC40812322221500406F34 /* BUDPlayerController.m in Sources */ = {isa = PBXBuildFile; fileRef = B7DC40652322221500406F34 /* BUDPlayerController.m */; };
		B7DC40822322221500406F34 /* BUDdemoDislikeCollectionCell.m in Sources */ = {isa = PBXBuildFile; fileRef = B7DC40692322221500406F34 /* BUDdemoDislikeCollectionCell.m */; };
		B7DC40832322221500406F34 /* BUDActionAreaView.m in Sources */ = {isa = PBXBuildFile; fileRef = B7DC406A2322221500406F34 /* BUDActionAreaView.m */; };
		B7DC40842322221500406F34 /* BUDFeedNormalModel.m in Sources */ = {isa = PBXBuildFile; fileRef = B7DC406F2322221500406F34 /* BUDFeedNormalModel.m */; };
		B7DC4115232228AC00406F34 /* VideoUploader.m in Sources */ = {isa = PBXBuildFile; fileRef = B7DC4114232228AC00406F34 /* VideoUploader.m */; };
		FEFAB7EB96ABB0E31A342FAB /* libPods-datizhuanqian-tvOSTests.a in Frameworks */ = {isa = PBXBuildFile; fileRef = 40584EFE0FFD9922393793FB /* libPods-datizhuanqian-tvOSTests.a */; };
/* End PBXBuildFile section */

/* Begin PBXContainerItemProxy section */
		00E356F41AD99517003FC87E /* PBXContainerItemProxy */ = {
			isa = PBXContainerItemProxy;
			containerPortal = 83CBB9F71A601CBA00E9B192 /* Project object */;
			proxyType = 1;
			remoteGlobalIDString = 13B07F861A680F5B00A75B9A;
			remoteInfo = datizhuanqian;
		};
		2D02E4911E0B4A5D006451C7 /* PBXContainerItemProxy */ = {
			isa = PBXContainerItemProxy;
			containerPortal = 83CBB9F71A601CBA00E9B192 /* Project object */;
			proxyType = 1;
			remoteGlobalIDString = 2D02E47A1E0B4A5D006451C7;
			remoteInfo = "datizhuanqian-tvOS";
		};
/* End PBXContainerItemProxy section */

/* Begin PBXFileReference section */
		008F07F21AC5B25A0029DE68 /* main.jsbundle */ = {isa = PBXFileReference; fileEncoding = 4; lastKnownFileType = text; path = main.jsbundle; sourceTree = "<group>"; };
		00E356EE1AD99517003FC87E /* datizhuanqianTests.xctest */ = {isa = PBXFileReference; explicitFileType = wrapper.cfbundle; includeInIndex = 0; path = datizhuanqianTests.xctest; sourceTree = BUILT_PRODUCTS_DIR; };
		00E356F11AD99517003FC87E /* Info.plist */ = {isa = PBXFileReference; lastKnownFileType = text.plist.xml; path = Info.plist; sourceTree = "<group>"; };
		00E356F21AD99517003FC87E /* datizhuanqianTests.m */ = {isa = PBXFileReference; lastKnownFileType = sourcecode.c.objc; path = datizhuanqianTests.m; sourceTree = "<group>"; };
		13B07F961A680F5B00A75B9A /* datizhuanqian.app */ = {isa = PBXFileReference; explicitFileType = wrapper.application; includeInIndex = 0; path = datizhuanqian.app; sourceTree = BUILT_PRODUCTS_DIR; };
		13B07FAF1A68108700A75B9A /* AppDelegate.h */ = {isa = PBXFileReference; fileEncoding = 4; lastKnownFileType = sourcecode.c.h; name = AppDelegate.h; path = datizhuanqian/AppDelegate.h; sourceTree = "<group>"; };
		13B07FB01A68108700A75B9A /* AppDelegate.m */ = {isa = PBXFileReference; fileEncoding = 4; lastKnownFileType = sourcecode.c.objc; name = AppDelegate.m; path = datizhuanqian/AppDelegate.m; sourceTree = "<group>"; };
		13B07FB21A68108700A75B9A /* Base */ = {isa = PBXFileReference; lastKnownFileType = file.xib; name = Base; path = Base.lproj/LaunchScreen.xib; sourceTree = "<group>"; };
		13B07FB51A68108700A75B9A /* Images.xcassets */ = {isa = PBXFileReference; lastKnownFileType = folder.assetcatalog; name = Images.xcassets; path = datizhuanqian/Images.xcassets; sourceTree = "<group>"; };
		13B07FB61A68108700A75B9A /* Info.plist */ = {isa = PBXFileReference; fileEncoding = 4; lastKnownFileType = text.plist.xml; name = Info.plist; path = datizhuanqian/Info.plist; sourceTree = "<group>"; };
		13B07FB71A68108700A75B9A /* main.m */ = {isa = PBXFileReference; fileEncoding = 4; lastKnownFileType = sourcecode.c.objc; name = main.m; path = datizhuanqian/main.m; sourceTree = "<group>"; };
		2D02E47B1E0B4A5D006451C7 /* datizhuanqian-tvOS.app */ = {isa = PBXFileReference; explicitFileType = wrapper.application; includeInIndex = 0; path = "datizhuanqian-tvOS.app"; sourceTree = BUILT_PRODUCTS_DIR; };
		2D02E4901E0B4A5D006451C7 /* datizhuanqian-tvOSTests.xctest */ = {isa = PBXFileReference; explicitFileType = wrapper.cfbundle; includeInIndex = 0; path = "datizhuanqian-tvOSTests.xctest"; sourceTree = BUILT_PRODUCTS_DIR; };
		2FEBDA527EB58E96CB985C4E /* Pods-datizhuanqian-tvOSTests.debug.xcconfig */ = {isa = PBXFileReference; includeInIndex = 1; lastKnownFileType = text.xcconfig; name = "Pods-datizhuanqian-tvOSTests.debug.xcconfig"; path = "Pods/Target Support Files/Pods-datizhuanqian-tvOSTests/Pods-datizhuanqian-tvOSTests.debug.xcconfig"; sourceTree = "<group>"; };
		3A25B9EBFD610A67112AF646 /* Pods-datizhuanqian-tvOS.release.xcconfig */ = {isa = PBXFileReference; includeInIndex = 1; lastKnownFileType = text.xcconfig; name = "Pods-datizhuanqian-tvOS.release.xcconfig"; path = "Pods/Target Support Files/Pods-datizhuanqian-tvOS/Pods-datizhuanqian-tvOS.release.xcconfig"; sourceTree = "<group>"; };
		40584EFE0FFD9922393793FB /* libPods-datizhuanqian-tvOSTests.a */ = {isa = PBXFileReference; explicitFileType = archive.ar; includeInIndex = 0; path = "libPods-datizhuanqian-tvOSTests.a"; sourceTree = BUILT_PRODUCTS_DIR; };
		6381252283BED28B20598B43 /* Pods-datizhuanqianTests.release.xcconfig */ = {isa = PBXFileReference; includeInIndex = 1; lastKnownFileType = text.xcconfig; name = "Pods-datizhuanqianTests.release.xcconfig"; path = "Pods/Target Support Files/Pods-datizhuanqianTests/Pods-datizhuanqianTests.release.xcconfig"; sourceTree = "<group>"; };
		64047225AD427458512FEEC1 /* Pods-datizhuanqian-tvOSTests.release.xcconfig */ = {isa = PBXFileReference; includeInIndex = 1; lastKnownFileType = text.xcconfig; name = "Pods-datizhuanqian-tvOSTests.release.xcconfig"; path = "Pods/Target Support Files/Pods-datizhuanqian-tvOSTests/Pods-datizhuanqian-tvOSTests.release.xcconfig"; sourceTree = "<group>"; };
		65BFE09E2B844B25A20FFFEB /* iconfont.ttf */ = {isa = PBXFileReference; explicitFileType = undefined; fileEncoding = 9; includeInIndex = 0; lastKnownFileType = unknown; name = iconfont.ttf; path = ../src/assets/fonts/iconfont.ttf; sourceTree = "<group>"; };
		70088C9662D34A4F8A8057A9 /* Pods-datizhuanqian.debug.xcconfig */ = {isa = PBXFileReference; includeInIndex = 1; lastKnownFileType = text.xcconfig; name = "Pods-datizhuanqian.debug.xcconfig"; path = "Pods/Target Support Files/Pods-datizhuanqian/Pods-datizhuanqian.debug.xcconfig"; sourceTree = "<group>"; };
		A4AA499D7C2C9D10BE6A03D5 /* libPods-datizhuanqianTests.a */ = {isa = PBXFileReference; explicitFileType = archive.ar; includeInIndex = 0; path = "libPods-datizhuanqianTests.a"; sourceTree = BUILT_PRODUCTS_DIR; };
		B64735298AB520A0B2AC456F /* Pods-datizhuanqianTests.debug.xcconfig */ = {isa = PBXFileReference; includeInIndex = 1; lastKnownFileType = text.xcconfig; name = "Pods-datizhuanqianTests.debug.xcconfig"; path = "Pods/Target Support Files/Pods-datizhuanqianTests/Pods-datizhuanqianTests.debug.xcconfig"; sourceTree = "<group>"; };
		B7DC40192322131600406F34 /* BUAdSDK.bundle */ = {isa = PBXFileReference; lastKnownFileType = "wrapper.plug-in"; name = BUAdSDK.bundle; path = datizhuanqian/sdk/BUAdSDK.bundle; sourceTree = SOURCE_ROOT; };
		B7DC401A2322131600406F34 /* BUAdSDK.framework */ = {isa = PBXFileReference; lastKnownFileType = wrapper.framework; name = BUAdSDK.framework; path = datizhuanqian/sdk/BUAdSDK.framework; sourceTree = SOURCE_ROOT; };
		B7DC401D2322137700406F34 /* StoreKit.framework */ = {isa = PBXFileReference; lastKnownFileType = wrapper.framework; name = StoreKit.framework; path = System/Library/Frameworks/StoreKit.framework; sourceTree = SDKROOT; };
		B7DC401F2322137E00406F34 /* MobileCoreServices.framework */ = {isa = PBXFileReference; lastKnownFileType = wrapper.framework; name = MobileCoreServices.framework; path = System/Library/Frameworks/MobileCoreServices.framework; sourceTree = SDKROOT; };
		B7DC40212322138400406F34 /* WebKit.framework */ = {isa = PBXFileReference; lastKnownFileType = wrapper.framework; name = WebKit.framework; path = System/Library/Frameworks/WebKit.framework; sourceTree = SDKROOT; };
		B7DC40232322138A00406F34 /* CoreMedia.framework */ = {isa = PBXFileReference; lastKnownFileType = wrapper.framework; name = CoreMedia.framework; path = System/Library/Frameworks/CoreMedia.framework; sourceTree = SDKROOT; };
		B7DC40252322139200406F34 /* AVFoundation.framework */ = {isa = PBXFileReference; lastKnownFileType = wrapper.framework; name = AVFoundation.framework; path = System/Library/Frameworks/AVFoundation.framework; sourceTree = SDKROOT; };
		B7DC40272322139E00406F34 /* CoreTelephony.framework */ = {isa = PBXFileReference; lastKnownFileType = wrapper.framework; name = CoreTelephony.framework; path = System/Library/Frameworks/CoreTelephony.framework; sourceTree = SDKROOT; };
		B7DC4029232213A900406F34 /* SystemConfiguration.framework */ = {isa = PBXFileReference; lastKnownFileType = wrapper.framework; name = SystemConfiguration.framework; path = System/Library/Frameworks/SystemConfiguration.framework; sourceTree = SDKROOT; };
		B7DC402B232213B100406F34 /* AdSupport.framework */ = {isa = PBXFileReference; lastKnownFileType = wrapper.framework; name = AdSupport.framework; path = System/Library/Frameworks/AdSupport.framework; sourceTree = SDKROOT; };
		B7DC402D232213BD00406F34 /* CoreMotion.framework */ = {isa = PBXFileReference; lastKnownFileType = wrapper.framework; name = CoreMotion.framework; path = System/Library/Frameworks/CoreMotion.framework; sourceTree = SDKROOT; };
		B7DC402F232213C600406F34 /* libresolv.9.tbd */ = {isa = PBXFileReference; lastKnownFileType = "sourcecode.text-based-dylib-definition"; name = libresolv.9.tbd; path = usr/lib/libresolv.9.tbd; sourceTree = SDKROOT; };
		B7DC4031232213D000406F34 /* libc++.tbd */ = {isa = PBXFileReference; lastKnownFileType = "sourcecode.text-based-dylib-definition"; name = "libc++.tbd"; path = "usr/lib/libc++.tbd"; sourceTree = SDKROOT; };
		B7DC4033232213D700406F34 /* libz.tbd */ = {isa = PBXFileReference; lastKnownFileType = "sourcecode.text-based-dylib-definition"; name = libz.tbd; path = usr/lib/libz.tbd; sourceTree = SDKROOT; };
		B7DC4035232213F800406F34 /* zh-Hans */ = {isa = PBXFileReference; lastKnownFileType = text.plist.strings; name = "zh-Hans"; path = "zh-Hans.lproj/LaunchScreen.strings"; sourceTree = "<group>"; };
		B7DC403F2322221500406F34 /* BUDSlotViewModel.m */ = {isa = PBXFileReference; fileEncoding = 4; lastKnownFileType = sourcecode.c.objc; path = BUDSlotViewModel.m; sourceTree = "<group>"; };
		B7DC40402322221500406F34 /* BUDDefs.h */ = {isa = PBXFileReference; fileEncoding = 4; lastKnownFileType = sourcecode.c.h; path = BUDDefs.h; sourceTree = "<group>"; };
		B7DC40412322221500406F34 /* BUDSlotViewModel.h */ = {isa = PBXFileReference; fileEncoding = 4; lastKnownFileType = sourcecode.c.h; path = BUDSlotViewModel.h; sourceTree = "<group>"; };
		B7DC40422322221500406F34 /* BUDFeedNormalModel.h */ = {isa = PBXFileReference; fileEncoding = 4; lastKnownFileType = sourcecode.c.h; path = BUDFeedNormalModel.h; sourceTree = "<group>"; };
		B7DC40442322221500406F34 /* BUDBase64.m */ = {isa = PBXFileReference; fileEncoding = 4; lastKnownFileType = sourcecode.c.objc; path = BUDBase64.m; sourceTree = "<group>"; };
		B7DC40462322221500406F34 /* NSString+LocalizedString.h */ = {isa = PBXFileReference; fileEncoding = 4; lastKnownFileType = sourcecode.c.h; path = "NSString+LocalizedString.h"; sourceTree = "<group>"; };
		B7DC40472322221500406F34 /* UIView+Draw.m */ = {isa = PBXFileReference; fileEncoding = 4; lastKnownFileType = sourcecode.c.objc; path = "UIView+Draw.m"; sourceTree = "<group>"; };
		B7DC40482322221500406F34 /* NSString+Json.m */ = {isa = PBXFileReference; fileEncoding = 4; lastKnownFileType = sourcecode.c.objc; path = "NSString+Json.m"; sourceTree = "<group>"; };
		B7DC40492322221500406F34 /* NSString+LocalizedString.m */ = {isa = PBXFileReference; fileEncoding = 4; lastKnownFileType = sourcecode.c.objc; path = "NSString+LocalizedString.m"; sourceTree = "<group>"; };
		B7DC404A2322221500406F34 /* NSString+Json.h */ = {isa = PBXFileReference; fileEncoding = 4; lastKnownFileType = sourcecode.c.h; path = "NSString+Json.h"; sourceTree = "<group>"; };
		B7DC404B2322221500406F34 /* UIView+Draw.h */ = {isa = PBXFileReference; fileEncoding = 4; lastKnownFileType = sourcecode.c.h; path = "UIView+Draw.h"; sourceTree = "<group>"; };
		B7DC404C2322221500406F34 /* BUDCocoaSecurity.h */ = {isa = PBXFileReference; fileEncoding = 4; lastKnownFileType = sourcecode.c.h; path = BUDCocoaSecurity.h; sourceTree = "<group>"; };
		B7DC404E2322221500406F34 /* RRFPSBar.h */ = {isa = PBXFileReference; fileEncoding = 4; lastKnownFileType = sourcecode.c.h; path = RRFPSBar.h; sourceTree = "<group>"; };
		B7DC404F2322221500406F34 /* RRFPSBar.m */ = {isa = PBXFileReference; fileEncoding = 4; lastKnownFileType = sourcecode.c.objc; path = RRFPSBar.m; sourceTree = "<group>"; };
		B7DC40502322221500406F34 /* BUDBase64.h */ = {isa = PBXFileReference; fileEncoding = 4; lastKnownFileType = sourcecode.c.h; path = BUDBase64.h; sourceTree = "<group>"; };
		B7DC40512322221500406F34 /* BUDCocoaSecurity.m */ = {isa = PBXFileReference; fileEncoding = 4; lastKnownFileType = sourcecode.c.objc; path = BUDCocoaSecurity.m; sourceTree = "<group>"; };
		B7DC40522322221500406F34 /* RewardVideo.m */ = {isa = PBXFileReference; fileEncoding = 4; lastKnownFileType = sourcecode.c.objc; path = RewardVideo.m; sourceTree = "<group>"; };
		B7DC40542322221500406F34 /* BUDRewardedVideoAdViewController.m */ = {isa = PBXFileReference; fileEncoding = 4; lastKnownFileType = sourcecode.c.objc; path = BUDRewardedVideoAdViewController.m; sourceTree = "<group>"; };
		B7DC40552322221500406F34 /* BUDSplashViewController.h */ = {isa = PBXFileReference; fileEncoding = 4; lastKnownFileType = sourcecode.c.h; path = BUDSplashViewController.h; sourceTree = "<group>"; };
		B7DC40562322221500406F34 /* BUDRewardedVideoAdViewController.h */ = {isa = PBXFileReference; fileEncoding = 4; lastKnownFileType = sourcecode.c.h; path = BUDRewardedVideoAdViewController.h; sourceTree = "<group>"; };
		B7DC40572322221500406F34 /* BUDSplashViewController.m */ = {isa = PBXFileReference; fileEncoding = 4; lastKnownFileType = sourcecode.c.objc; path = BUDSplashViewController.m; sourceTree = "<group>"; };
		B7DC40592322221500406F34 /* BUDMacros.h */ = {isa = PBXFileReference; fileEncoding = 4; lastKnownFileType = sourcecode.c.h; path = BUDMacros.h; sourceTree = "<group>"; };
		B7DC405A2322221500406F34 /* BUDConfigHelper.m */ = {isa = PBXFileReference; fileEncoding = 4; lastKnownFileType = sourcecode.c.objc; path = BUDConfigHelper.m; sourceTree = "<group>"; };
		B7DC405B2322221500406F34 /* BUDConfigHelper.h */ = {isa = PBXFileReference; fileEncoding = 4; lastKnownFileType = sourcecode.c.h; path = BUDConfigHelper.h; sourceTree = "<group>"; };
		B7DC405D2322221500406F34 /* BUDFeedNormalTableViewCell.m */ = {isa = PBXFileReference; fileEncoding = 4; lastKnownFileType = sourcecode.c.objc; path = BUDFeedNormalTableViewCell.m; sourceTree = "<group>"; };
		B7DC405E2322221500406F34 /* BUDRefreshButton.m */ = {isa = PBXFileReference; fileEncoding = 4; lastKnownFileType = sourcecode.c.objc; path = BUDRefreshButton.m; sourceTree = "<group>"; };
		B7DC405F2322221500406F34 /* BUDNormalButton.m */ = {isa = PBXFileReference; fileEncoding = 4; lastKnownFileType = sourcecode.c.objc; path = BUDNormalButton.m; sourceTree = "<group>"; };
		B7DC40602322221500406F34 /* BUDActionAreaView.h */ = {isa = PBXFileReference; fileEncoding = 4; lastKnownFileType = sourcecode.c.h; path = BUDActionAreaView.h; sourceTree = "<group>"; };
		B7DC40612322221500406F34 /* BUDdemoDislikeCollectionCell.h */ = {isa = PBXFileReference; fileEncoding = 4; lastKnownFileType = sourcecode.c.h; path = BUDdemoDislikeCollectionCell.h; sourceTree = "<group>"; };
		B7DC40622322221500406F34 /* BUDSettingTableView.m */ = {isa = PBXFileReference; fileEncoding = 4; lastKnownFileType = sourcecode.c.objc; path = BUDSettingTableView.m; sourceTree = "<group>"; };
		B7DC40632322221500406F34 /* BUDFeedStyleHelper.m */ = {isa = PBXFileReference; fileEncoding = 4; lastKnownFileType = sourcecode.c.objc; path = BUDFeedStyleHelper.m; sourceTree = "<group>"; };
		B7DC40642322221500406F34 /* BUDDrawTableViewCell.m */ = {isa = PBXFileReference; fileEncoding = 4; lastKnownFileType = sourcecode.c.objc; path = BUDDrawTableViewCell.m; sourceTree = "<group>"; };
		B7DC40652322221500406F34 /* BUDPlayerController.m */ = {isa = PBXFileReference; fileEncoding = 4; lastKnownFileType = sourcecode.c.objc; path = BUDPlayerController.m; sourceTree = "<group>"; };
		B7DC40662322221500406F34 /* BUDRefreshButton.h */ = {isa = PBXFileReference; fileEncoding = 4; lastKnownFileType = sourcecode.c.h; path = BUDRefreshButton.h; sourceTree = "<group>"; };
		B7DC40672322221500406F34 /* BUDFeedNormalTableViewCell.h */ = {isa = PBXFileReference; fileEncoding = 4; lastKnownFileType = sourcecode.c.h; path = BUDFeedNormalTableViewCell.h; sourceTree = "<group>"; };
		B7DC40682322221500406F34 /* BUDSettingTableView.h */ = {isa = PBXFileReference; fileEncoding = 4; lastKnownFileType = sourcecode.c.h; path = BUDSettingTableView.h; sourceTree = "<group>"; };
		B7DC40692322221500406F34 /* BUDdemoDislikeCollectionCell.m */ = {isa = PBXFileReference; fileEncoding = 4; lastKnownFileType = sourcecode.c.objc; path = BUDdemoDislikeCollectionCell.m; sourceTree = "<group>"; };
		B7DC406A2322221500406F34 /* BUDActionAreaView.m */ = {isa = PBXFileReference; fileEncoding = 4; lastKnownFileType = sourcecode.c.objc; path = BUDActionAreaView.m; sourceTree = "<group>"; };
		B7DC406B2322221500406F34 /* BUDNormalButton.h */ = {isa = PBXFileReference; fileEncoding = 4; lastKnownFileType = sourcecode.c.h; path = BUDNormalButton.h; sourceTree = "<group>"; };
		B7DC406C2322221500406F34 /* BUDPlayerController.h */ = {isa = PBXFileReference; fileEncoding = 4; lastKnownFileType = sourcecode.c.h; path = BUDPlayerController.h; sourceTree = "<group>"; };
		B7DC406D2322221500406F34 /* BUDDrawTableViewCell.h */ = {isa = PBXFileReference; fileEncoding = 4; lastKnownFileType = sourcecode.c.h; path = BUDDrawTableViewCell.h; sourceTree = "<group>"; };
		B7DC406E2322221500406F34 /* BUDFeedStyleHelper.h */ = {isa = PBXFileReference; fileEncoding = 4; lastKnownFileType = sourcecode.c.h; path = BUDFeedStyleHelper.h; sourceTree = "<group>"; };
		B7DC406F2322221500406F34 /* BUDFeedNormalModel.m */ = {isa = PBXFileReference; fileEncoding = 4; lastKnownFileType = sourcecode.c.objc; path = BUDFeedNormalModel.m; sourceTree = "<group>"; };
		B7DC4114232228AC00406F34 /* VideoUploader.m */ = {isa = PBXFileReference; fileEncoding = 4; lastKnownFileType = sourcecode.c.objc; path = VideoUploader.m; sourceTree = "<group>"; };
		BAC5C74146B56875F3C9EEE2 /* libPods-datizhuanqian.a */ = {isa = PBXFileReference; explicitFileType = archive.ar; includeInIndex = 0; path = "libPods-datizhuanqian.a"; sourceTree = BUILT_PRODUCTS_DIR; };
		C07064FB237BAAA7BB3DC2FA /* Pods-datizhuanqian-tvOS.debug.xcconfig */ = {isa = PBXFileReference; includeInIndex = 1; lastKnownFileType = text.xcconfig; name = "Pods-datizhuanqian-tvOS.debug.xcconfig"; path = "Pods/Target Support Files/Pods-datizhuanqian-tvOS/Pods-datizhuanqian-tvOS.debug.xcconfig"; sourceTree = "<group>"; };
		D342D97E3872FB9B6F22F62F /* libPods-datizhuanqian-tvOS.a */ = {isa = PBXFileReference; explicitFileType = archive.ar; includeInIndex = 0; path = "libPods-datizhuanqian-tvOS.a"; sourceTree = BUILT_PRODUCTS_DIR; };
		ED297162215061F000B7C4FE /* JavaScriptCore.framework */ = {isa = PBXFileReference; lastKnownFileType = wrapper.framework; name = JavaScriptCore.framework; path = System/Library/Frameworks/JavaScriptCore.framework; sourceTree = SDKROOT; };
		ED2971642150620600B7C4FE /* JavaScriptCore.framework */ = {isa = PBXFileReference; lastKnownFileType = wrapper.framework; name = JavaScriptCore.framework; path = Platforms/AppleTVOS.platform/Developer/SDKs/AppleTVOS12.0.sdk/System/Library/Frameworks/JavaScriptCore.framework; sourceTree = DEVELOPER_DIR; };
		F28BBF40C4289EBE6C7B5F7F /* Pods-datizhuanqian.release.xcconfig */ = {isa = PBXFileReference; includeInIndex = 1; lastKnownFileType = text.xcconfig; name = "Pods-datizhuanqian.release.xcconfig"; path = "Pods/Target Support Files/Pods-datizhuanqian/Pods-datizhuanqian.release.xcconfig"; sourceTree = "<group>"; };
/* End PBXFileReference section */

/* Begin PBXFrameworksBuildPhase section */
		00E356EB1AD99517003FC87E /* Frameworks */ = {
			isa = PBXFrameworksBuildPhase;
			buildActionMask = 2147483647;
			files = (
				2C3378844F24649C9D2DCEEA /* libPods-datizhuanqianTests.a in Frameworks */,
			);
			runOnlyForDeploymentPostprocessing = 0;
		};
		13B07F8C1A680F5B00A75B9A /* Frameworks */ = {
			isa = PBXFrameworksBuildPhase;
			buildActionMask = 2147483647;
			files = (
				B7DC4034232213D700406F34 /* libz.tbd in Frameworks */,
				B7DC4032232213D000406F34 /* libc++.tbd in Frameworks */,
				B7DC4030232213C600406F34 /* libresolv.9.tbd in Frameworks */,
				B7DC402E232213BD00406F34 /* CoreMotion.framework in Frameworks */,
				B7DC402C232213B100406F34 /* AdSupport.framework in Frameworks */,
				B7DC402A232213A900406F34 /* SystemConfiguration.framework in Frameworks */,
				B7DC40282322139E00406F34 /* CoreTelephony.framework in Frameworks */,
				B7DC40262322139200406F34 /* AVFoundation.framework in Frameworks */,
				B7DC40242322138A00406F34 /* CoreMedia.framework in Frameworks */,
				B7DC40222322138400406F34 /* WebKit.framework in Frameworks */,
				B7DC40202322137E00406F34 /* MobileCoreServices.framework in Frameworks */,
				B7DC401E2322137700406F34 /* StoreKit.framework in Frameworks */,
				4ADF539430084AB9592CEEB7 /* libPods-datizhuanqian.a in Frameworks */,
				B7DC401C2322131600406F34 /* BUAdSDK.framework in Frameworks */,
			);
			runOnlyForDeploymentPostprocessing = 0;
		};
		2D02E4781E0B4A5D006451C7 /* Frameworks */ = {
			isa = PBXFrameworksBuildPhase;
			buildActionMask = 2147483647;
			files = (
				154AB7AD5FACF7331944925A /* libPods-datizhuanqian-tvOS.a in Frameworks */,
			);
			runOnlyForDeploymentPostprocessing = 0;
		};
		2D02E48D1E0B4A5D006451C7 /* Frameworks */ = {
			isa = PBXFrameworksBuildPhase;
			buildActionMask = 2147483647;
			files = (
				FEFAB7EB96ABB0E31A342FAB /* libPods-datizhuanqian-tvOSTests.a in Frameworks */,
			);
			runOnlyForDeploymentPostprocessing = 0;
		};
/* End PBXFrameworksBuildPhase section */

/* Begin PBXGroup section */
		00E356EF1AD99517003FC87E /* datizhuanqianTests */ = {
			isa = PBXGroup;
			children = (
				00E356F21AD99517003FC87E /* datizhuanqianTests.m */,
				00E356F01AD99517003FC87E /* Supporting Files */,
			);
			path = datizhuanqianTests;
			sourceTree = "<group>";
		};
		00E356F01AD99517003FC87E /* Supporting Files */ = {
			isa = PBXGroup;
			children = (
				00E356F11AD99517003FC87E /* Info.plist */,
			);
			name = "Supporting Files";
			sourceTree = "<group>";
		};
		13B07FAE1A68108700A75B9A /* datizhuanqian */ = {
			isa = PBXGroup;
			children = (
				B7DC4113232228AC00406F34 /* toolkits */,
				B7DC403D2322221500406F34 /* ttad */,
				B7DC40182322130200406F34 /* sdk */,
				008F07F21AC5B25A0029DE68 /* main.jsbundle */,
				13B07FAF1A68108700A75B9A /* AppDelegate.h */,
				13B07FB01A68108700A75B9A /* AppDelegate.m */,
				13B07FB51A68108700A75B9A /* Images.xcassets */,
				13B07FB61A68108700A75B9A /* Info.plist */,
				13B07FB11A68108700A75B9A /* LaunchScreen.xib */,
				13B07FB71A68108700A75B9A /* main.m */,
			);
			name = datizhuanqian;
			sourceTree = "<group>";
		};
		2D16E6871FA4F8E400B85C8A /* Frameworks */ = {
			isa = PBXGroup;
			children = (
				B7DC4033232213D700406F34 /* libz.tbd */,
				B7DC4031232213D000406F34 /* libc++.tbd */,
				B7DC402F232213C600406F34 /* libresolv.9.tbd */,
				B7DC402D232213BD00406F34 /* CoreMotion.framework */,
				B7DC402B232213B100406F34 /* AdSupport.framework */,
				B7DC4029232213A900406F34 /* SystemConfiguration.framework */,
				B7DC40272322139E00406F34 /* CoreTelephony.framework */,
				B7DC40252322139200406F34 /* AVFoundation.framework */,
				B7DC40232322138A00406F34 /* CoreMedia.framework */,
				B7DC40212322138400406F34 /* WebKit.framework */,
				B7DC401F2322137E00406F34 /* MobileCoreServices.framework */,
				B7DC401D2322137700406F34 /* StoreKit.framework */,
				ED297162215061F000B7C4FE /* JavaScriptCore.framework */,
				ED2971642150620600B7C4FE /* JavaScriptCore.framework */,
				BAC5C74146B56875F3C9EEE2 /* libPods-datizhuanqian.a */,
				D342D97E3872FB9B6F22F62F /* libPods-datizhuanqian-tvOS.a */,
				40584EFE0FFD9922393793FB /* libPods-datizhuanqian-tvOSTests.a */,
				A4AA499D7C2C9D10BE6A03D5 /* libPods-datizhuanqianTests.a */,
			);
			name = Frameworks;
			sourceTree = "<group>";
		};
		832341AE1AAA6A7D00B99B32 /* Libraries */ = {
			isa = PBXGroup;
			children = (
			);
			name = Libraries;
			sourceTree = "<group>";
		};
		83CBB9F61A601CBA00E9B192 = {
			isa = PBXGroup;
			children = (
				13B07FAE1A68108700A75B9A /* datizhuanqian */,
				832341AE1AAA6A7D00B99B32 /* Libraries */,
				00E356EF1AD99517003FC87E /* datizhuanqianTests */,
				83CBBA001A601CBA00E9B192 /* Products */,
				2D16E6871FA4F8E400B85C8A /* Frameworks */,
				BDD3C07F71ABF46AD18D2FBE /* Pods */,
				BDFB0BE38C5E44E894E8E9B8 /* Resources */,
			);
			indentWidth = 2;
			sourceTree = "<group>";
			tabWidth = 2;
			usesTabs = 0;
		};
		83CBBA001A601CBA00E9B192 /* Products */ = {
			isa = PBXGroup;
			children = (
				13B07F961A680F5B00A75B9A /* datizhuanqian.app */,
				00E356EE1AD99517003FC87E /* datizhuanqianTests.xctest */,
				2D02E47B1E0B4A5D006451C7 /* datizhuanqian-tvOS.app */,
				2D02E4901E0B4A5D006451C7 /* datizhuanqian-tvOSTests.xctest */,
			);
			name = Products;
			sourceTree = "<group>";
		};
		B7DC40182322130200406F34 /* sdk */ = {
			isa = PBXGroup;
			children = (
				B7DC40192322131600406F34 /* BUAdSDK.bundle */,
				B7DC401A2322131600406F34 /* BUAdSDK.framework */,
			);
			path = sdk;
			sourceTree = "<group>";
		};
		B7DC403D2322221500406F34 /* ttad */ = {
			isa = PBXGroup;
			children = (
				B7DC403E2322221500406F34 /* viewmodel */,
				B7DC40422322221500406F34 /* BUDFeedNormalModel.h */,
				B7DC40432322221500406F34 /* Until */,
				B7DC40522322221500406F34 /* RewardVideo.m */,
				B7DC40532322221500406F34 /* controller */,
				B7DC40582322221500406F34 /* Macros */,
				B7DC405C2322221500406F34 /* view */,
				B7DC406F2322221500406F34 /* BUDFeedNormalModel.m */,
			);
			name = ttad;
			path = datizhuanqian/ttad;
			sourceTree = "<group>";
		};
		B7DC403E2322221500406F34 /* viewmodel */ = {
			isa = PBXGroup;
			children = (
				B7DC403F2322221500406F34 /* BUDSlotViewModel.m */,
				B7DC40402322221500406F34 /* BUDDefs.h */,
				B7DC40412322221500406F34 /* BUDSlotViewModel.h */,
			);
			path = viewmodel;
			sourceTree = "<group>";
		};
		B7DC40432322221500406F34 /* Until */ = {
			isa = PBXGroup;
			children = (
				B7DC40442322221500406F34 /* BUDBase64.m */,
				B7DC40452322221500406F34 /* Category */,
				B7DC404C2322221500406F34 /* BUDCocoaSecurity.h */,
				B7DC404D2322221500406F34 /* FPSLabel */,
				B7DC40502322221500406F34 /* BUDBase64.h */,
				B7DC40512322221500406F34 /* BUDCocoaSecurity.m */,
			);
			path = Until;
			sourceTree = "<group>";
		};
		B7DC40452322221500406F34 /* Category */ = {
			isa = PBXGroup;
			children = (
				B7DC40462322221500406F34 /* NSString+LocalizedString.h */,
				B7DC40472322221500406F34 /* UIView+Draw.m */,
				B7DC40482322221500406F34 /* NSString+Json.m */,
				B7DC40492322221500406F34 /* NSString+LocalizedString.m */,
				B7DC404A2322221500406F34 /* NSString+Json.h */,
				B7DC404B2322221500406F34 /* UIView+Draw.h */,
			);
			path = Category;
			sourceTree = "<group>";
		};
		B7DC404D2322221500406F34 /* FPSLabel */ = {
			isa = PBXGroup;
			children = (
				B7DC404E2322221500406F34 /* RRFPSBar.h */,
				B7DC404F2322221500406F34 /* RRFPSBar.m */,
			);
			path = FPSLabel;
			sourceTree = "<group>";
		};
		B7DC40532322221500406F34 /* controller */ = {
			isa = PBXGroup;
			children = (
				B7DC40542322221500406F34 /* BUDRewardedVideoAdViewController.m */,
				B7DC40552322221500406F34 /* BUDSplashViewController.h */,
				B7DC40562322221500406F34 /* BUDRewardedVideoAdViewController.h */,
				B7DC40572322221500406F34 /* BUDSplashViewController.m */,
			);
			path = controller;
			sourceTree = "<group>";
		};
		B7DC40582322221500406F34 /* Macros */ = {
			isa = PBXGroup;
			children = (
				B7DC40592322221500406F34 /* BUDMacros.h */,
				B7DC405A2322221500406F34 /* BUDConfigHelper.m */,
				B7DC405B2322221500406F34 /* BUDConfigHelper.h */,
			);
			path = Macros;
			sourceTree = "<group>";
		};
		B7DC405C2322221500406F34 /* view */ = {
			isa = PBXGroup;
			children = (
				B7DC405D2322221500406F34 /* BUDFeedNormalTableViewCell.m */,
				B7DC405E2322221500406F34 /* BUDRefreshButton.m */,
				B7DC405F2322221500406F34 /* BUDNormalButton.m */,
				B7DC40602322221500406F34 /* BUDActionAreaView.h */,
				B7DC40612322221500406F34 /* BUDdemoDislikeCollectionCell.h */,
				B7DC40622322221500406F34 /* BUDSettingTableView.m */,
				B7DC40632322221500406F34 /* BUDFeedStyleHelper.m */,
				B7DC40642322221500406F34 /* BUDDrawTableViewCell.m */,
				B7DC40652322221500406F34 /* BUDPlayerController.m */,
				B7DC40662322221500406F34 /* BUDRefreshButton.h */,
				B7DC40672322221500406F34 /* BUDFeedNormalTableViewCell.h */,
				B7DC40682322221500406F34 /* BUDSettingTableView.h */,
				B7DC40692322221500406F34 /* BUDdemoDislikeCollectionCell.m */,
				B7DC406A2322221500406F34 /* BUDActionAreaView.m */,
				B7DC406B2322221500406F34 /* BUDNormalButton.h */,
				B7DC406C2322221500406F34 /* BUDPlayerController.h */,
				B7DC406D2322221500406F34 /* BUDDrawTableViewCell.h */,
				B7DC406E2322221500406F34 /* BUDFeedStyleHelper.h */,
			);
			path = view;
			sourceTree = "<group>";
		};
		B7DC4113232228AC00406F34 /* toolkits */ = {
			isa = PBXGroup;
			children = (
				B7DC4114232228AC00406F34 /* VideoUploader.m */,
			);
			name = toolkits;
			path = datizhuanqian/toolkits;
			sourceTree = "<group>";
		};
		BDD3C07F71ABF46AD18D2FBE /* Pods */ = {
			isa = PBXGroup;
			children = (
				70088C9662D34A4F8A8057A9 /* Pods-datizhuanqian.debug.xcconfig */,
				F28BBF40C4289EBE6C7B5F7F /* Pods-datizhuanqian.release.xcconfig */,
				C07064FB237BAAA7BB3DC2FA /* Pods-datizhuanqian-tvOS.debug.xcconfig */,
				3A25B9EBFD610A67112AF646 /* Pods-datizhuanqian-tvOS.release.xcconfig */,
				2FEBDA527EB58E96CB985C4E /* Pods-datizhuanqian-tvOSTests.debug.xcconfig */,
				64047225AD427458512FEEC1 /* Pods-datizhuanqian-tvOSTests.release.xcconfig */,
				B64735298AB520A0B2AC456F /* Pods-datizhuanqianTests.debug.xcconfig */,
				6381252283BED28B20598B43 /* Pods-datizhuanqianTests.release.xcconfig */,
			);
			name = Pods;
			sourceTree = "<group>";
		};
		BDFB0BE38C5E44E894E8E9B8 /* Resources */ = {
			isa = PBXGroup;
			children = (
				65BFE09E2B844B25A20FFFEB /* iconfont.ttf */,
			);
			name = Resources;
			sourceTree = "<group>";
		};
/* End PBXGroup section */

/* Begin PBXNativeTarget section */
		00E356ED1AD99517003FC87E /* datizhuanqianTests */ = {
			isa = PBXNativeTarget;
			buildConfigurationList = 00E357021AD99517003FC87E /* Build configuration list for PBXNativeTarget "datizhuanqianTests" */;
			buildPhases = (
				01EAD6EB46F92412B130C87C /* [CP] Check Pods Manifest.lock */,
				00E356EA1AD99517003FC87E /* Sources */,
				00E356EB1AD99517003FC87E /* Frameworks */,
				00E356EC1AD99517003FC87E /* Resources */,
			);
			buildRules = (
			);
			dependencies = (
				00E356F51AD99517003FC87E /* PBXTargetDependency */,
			);
			name = datizhuanqianTests;
			productName = datizhuanqianTests;
			productReference = 00E356EE1AD99517003FC87E /* datizhuanqianTests.xctest */;
			productType = "com.apple.product-type.bundle.unit-test";
		};
		13B07F861A680F5B00A75B9A /* datizhuanqian */ = {
			isa = PBXNativeTarget;
			buildConfigurationList = 13B07F931A680F5B00A75B9A /* Build configuration list for PBXNativeTarget "datizhuanqian" */;
			buildPhases = (
				D24D478F0CBD5F3FC03C2FFE /* [CP] Check Pods Manifest.lock */,
				FD10A7F022414F080027D42C /* Start Packager */,
				13B07F871A680F5B00A75B9A /* Sources */,
				13B07F8C1A680F5B00A75B9A /* Frameworks */,
				13B07F8E1A680F5B00A75B9A /* Resources */,
				00DD1BFF1BD5951E006B06BC /* Bundle React Native code and images */,
				EBA3C73CED512FF0E0AA5998 /* [CP] Copy Pods Resources */,
			);
			buildRules = (
			);
			dependencies = (
			);
			name = datizhuanqian;
			productName = datizhuanqian;
			productReference = 13B07F961A680F5B00A75B9A /* datizhuanqian.app */;
			productType = "com.apple.product-type.application";
		};
		2D02E47A1E0B4A5D006451C7 /* datizhuanqian-tvOS */ = {
			isa = PBXNativeTarget;
			buildConfigurationList = 2D02E4BA1E0B4A5E006451C7 /* Build configuration list for PBXNativeTarget "datizhuanqian-tvOS" */;
			buildPhases = (
				456E8AC49C075A1C1B0AE8B3 /* [CP] Check Pods Manifest.lock */,
				FD10A7F122414F3F0027D42C /* Start Packager */,
				2D02E4771E0B4A5D006451C7 /* Sources */,
				2D02E4781E0B4A5D006451C7 /* Frameworks */,
				2D02E4791E0B4A5D006451C7 /* Resources */,
				2D02E4CB1E0B4B27006451C7 /* Bundle React Native Code And Images */,
			);
			buildRules = (
			);
			dependencies = (
			);
			name = "datizhuanqian-tvOS";
			productName = "datizhuanqian-tvOS";
			productReference = 2D02E47B1E0B4A5D006451C7 /* datizhuanqian-tvOS.app */;
			productType = "com.apple.product-type.application";
		};
		2D02E48F1E0B4A5D006451C7 /* datizhuanqian-tvOSTests */ = {
			isa = PBXNativeTarget;
			buildConfigurationList = 2D02E4BB1E0B4A5E006451C7 /* Build configuration list for PBXNativeTarget "datizhuanqian-tvOSTests" */;
			buildPhases = (
				813E33125740F3197761A664 /* [CP] Check Pods Manifest.lock */,
				2D02E48C1E0B4A5D006451C7 /* Sources */,
				2D02E48D1E0B4A5D006451C7 /* Frameworks */,
				2D02E48E1E0B4A5D006451C7 /* Resources */,
			);
			buildRules = (
			);
			dependencies = (
				2D02E4921E0B4A5D006451C7 /* PBXTargetDependency */,
			);
			name = "datizhuanqian-tvOSTests";
			productName = "datizhuanqian-tvOSTests";
			productReference = 2D02E4901E0B4A5D006451C7 /* datizhuanqian-tvOSTests.xctest */;
			productType = "com.apple.product-type.bundle.unit-test";
		};
/* End PBXNativeTarget section */

/* Begin PBXProject section */
		83CBB9F71A601CBA00E9B192 /* Project object */ = {
			isa = PBXProject;
			attributes = {
				LastUpgradeCheck = 940;
				ORGANIZATIONNAME = Facebook;
				TargetAttributes = {
					00E356ED1AD99517003FC87E = {
						CreatedOnToolsVersion = 6.2;
						TestTargetID = 13B07F861A680F5B00A75B9A;
					};
					13B07F861A680F5B00A75B9A = {
						DevelopmentTeam = 44232M6892;
						ProvisioningStyle = Manual;
					};
					2D02E47A1E0B4A5D006451C7 = {
						CreatedOnToolsVersion = 8.2.1;
						ProvisioningStyle = Automatic;
					};
					2D02E48F1E0B4A5D006451C7 = {
						CreatedOnToolsVersion = 8.2.1;
						ProvisioningStyle = Automatic;
						TestTargetID = 2D02E47A1E0B4A5D006451C7;
					};
				};
			};
			buildConfigurationList = 83CBB9FA1A601CBA00E9B192 /* Build configuration list for PBXProject "datizhuanqian" */;
			compatibilityVersion = "Xcode 3.2";
			developmentRegion = English;
			hasScannedForEncodings = 0;
			knownRegions = (
				English,
				en,
				Base,
			);
			mainGroup = 83CBB9F61A601CBA00E9B192;
			productRefGroup = 83CBBA001A601CBA00E9B192 /* Products */;
			projectDirPath = "";
			projectRoot = "";
			targets = (
				13B07F861A680F5B00A75B9A /* datizhuanqian */,
				00E356ED1AD99517003FC87E /* datizhuanqianTests */,
				2D02E47A1E0B4A5D006451C7 /* datizhuanqian-tvOS */,
				2D02E48F1E0B4A5D006451C7 /* datizhuanqian-tvOSTests */,
			);
		};
/* End PBXProject section */

/* Begin PBXResourcesBuildPhase section */
		00E356EC1AD99517003FC87E /* Resources */ = {
			isa = PBXResourcesBuildPhase;
			buildActionMask = 2147483647;
			files = (
			);
			runOnlyForDeploymentPostprocessing = 0;
		};
		13B07F8E1A680F5B00A75B9A /* Resources */ = {
			isa = PBXResourcesBuildPhase;
			buildActionMask = 2147483647;
			files = (
				13B07FBF1A68108700A75B9A /* Images.xcassets in Resources */,
				13B07FBD1A68108700A75B9A /* LaunchScreen.xib in Resources */,
				B7DC401B2322131600406F34 /* BUAdSDK.bundle in Resources */,
				8326C7B72FFB45CEB4C18A03 /* iconfont.ttf in Resources */,
			);
			runOnlyForDeploymentPostprocessing = 0;
		};
		2D02E4791E0B4A5D006451C7 /* Resources */ = {
			isa = PBXResourcesBuildPhase;
			buildActionMask = 2147483647;
			files = (
				2D02E4BD1E0B4A84006451C7 /* Images.xcassets in Resources */,
			);
			runOnlyForDeploymentPostprocessing = 0;
		};
		2D02E48E1E0B4A5D006451C7 /* Resources */ = {
			isa = PBXResourcesBuildPhase;
			buildActionMask = 2147483647;
			files = (
			);
			runOnlyForDeploymentPostprocessing = 0;
		};
/* End PBXResourcesBuildPhase section */

/* Begin PBXShellScriptBuildPhase section */
		00DD1BFF1BD5951E006B06BC /* Bundle React Native code and images */ = {
			isa = PBXShellScriptBuildPhase;
			buildActionMask = 2147483647;
			files = (
			);
			inputPaths = (
			);
			name = "Bundle React Native code and images";
			outputPaths = (
			);
			runOnlyForDeploymentPostprocessing = 0;
			shellPath = /bin/sh;
			shellScript = "export NODE_BINARY=node\n../node_modules/react-native/scripts/react-native-xcode.sh";
		};
		01EAD6EB46F92412B130C87C /* [CP] Check Pods Manifest.lock */ = {
			isa = PBXShellScriptBuildPhase;
			buildActionMask = 2147483647;
			files = (
			);
			inputPaths = (
				"${PODS_PODFILE_DIR_PATH}/Podfile.lock",
				"${PODS_ROOT}/Manifest.lock",
			);
			name = "[CP] Check Pods Manifest.lock";
			outputPaths = (
				"$(DERIVED_FILE_DIR)/Pods-datizhuanqianTests-checkManifestLockResult.txt",
			);
			runOnlyForDeploymentPostprocessing = 0;
			shellPath = /bin/sh;
			shellScript = "diff \"${PODS_PODFILE_DIR_PATH}/Podfile.lock\" \"${PODS_ROOT}/Manifest.lock\" > /dev/null\nif [ $? != 0 ] ; then\n    # print error to STDERR\n    echo \"error: The sandbox is not in sync with the Podfile.lock. Run 'pod install' or update your CocoaPods installation.\" >&2\n    exit 1\nfi\n# This output is used by Xcode 'outputs' to avoid re-running this script phase.\necho \"SUCCESS\" > \"${SCRIPT_OUTPUT_FILE_0}\"\n";
			showEnvVarsInLog = 0;
		};
		2D02E4CB1E0B4B27006451C7 /* Bundle React Native Code And Images */ = {
			isa = PBXShellScriptBuildPhase;
			buildActionMask = 2147483647;
			files = (
			);
			inputPaths = (
			);
			name = "Bundle React Native Code And Images";
			outputPaths = (
			);
			runOnlyForDeploymentPostprocessing = 0;
			shellPath = /bin/sh;
			shellScript = "export NODE_BINARY=node\n../node_modules/react-native/scripts/react-native-xcode.sh";
		};
		456E8AC49C075A1C1B0AE8B3 /* [CP] Check Pods Manifest.lock */ = {
			isa = PBXShellScriptBuildPhase;
			buildActionMask = 2147483647;
			files = (
			);
			inputPaths = (
				"${PODS_PODFILE_DIR_PATH}/Podfile.lock",
				"${PODS_ROOT}/Manifest.lock",
			);
			name = "[CP] Check Pods Manifest.lock";
			outputPaths = (
				"$(DERIVED_FILE_DIR)/Pods-datizhuanqian-tvOS-checkManifestLockResult.txt",
			);
			runOnlyForDeploymentPostprocessing = 0;
			shellPath = /bin/sh;
			shellScript = "diff \"${PODS_PODFILE_DIR_PATH}/Podfile.lock\" \"${PODS_ROOT}/Manifest.lock\" > /dev/null\nif [ $? != 0 ] ; then\n    # print error to STDERR\n    echo \"error: The sandbox is not in sync with the Podfile.lock. Run 'pod install' or update your CocoaPods installation.\" >&2\n    exit 1\nfi\n# This output is used by Xcode 'outputs' to avoid re-running this script phase.\necho \"SUCCESS\" > \"${SCRIPT_OUTPUT_FILE_0}\"\n";
			showEnvVarsInLog = 0;
		};
		813E33125740F3197761A664 /* [CP] Check Pods Manifest.lock */ = {
			isa = PBXShellScriptBuildPhase;
			buildActionMask = 2147483647;
			files = (
			);
			inputPaths = (
				"${PODS_PODFILE_DIR_PATH}/Podfile.lock",
				"${PODS_ROOT}/Manifest.lock",
			);
			name = "[CP] Check Pods Manifest.lock";
			outputPaths = (
				"$(DERIVED_FILE_DIR)/Pods-datizhuanqian-tvOSTests-checkManifestLockResult.txt",
			);
			runOnlyForDeploymentPostprocessing = 0;
			shellPath = /bin/sh;
			shellScript = "diff \"${PODS_PODFILE_DIR_PATH}/Podfile.lock\" \"${PODS_ROOT}/Manifest.lock\" > /dev/null\nif [ $? != 0 ] ; then\n    # print error to STDERR\n    echo \"error: The sandbox is not in sync with the Podfile.lock. Run 'pod install' or update your CocoaPods installation.\" >&2\n    exit 1\nfi\n# This output is used by Xcode 'outputs' to avoid re-running this script phase.\necho \"SUCCESS\" > \"${SCRIPT_OUTPUT_FILE_0}\"\n";
			showEnvVarsInLog = 0;
		};
		D24D478F0CBD5F3FC03C2FFE /* [CP] Check Pods Manifest.lock */ = {
			isa = PBXShellScriptBuildPhase;
			buildActionMask = 2147483647;
			files = (
			);
			inputPaths = (
				"${PODS_PODFILE_DIR_PATH}/Podfile.lock",
				"${PODS_ROOT}/Manifest.lock",
			);
			name = "[CP] Check Pods Manifest.lock";
			outputPaths = (
				"$(DERIVED_FILE_DIR)/Pods-datizhuanqian-checkManifestLockResult.txt",
			);
			runOnlyForDeploymentPostprocessing = 0;
			shellPath = /bin/sh;
			shellScript = "diff \"${PODS_PODFILE_DIR_PATH}/Podfile.lock\" \"${PODS_ROOT}/Manifest.lock\" > /dev/null\nif [ $? != 0 ] ; then\n    # print error to STDERR\n    echo \"error: The sandbox is not in sync with the Podfile.lock. Run 'pod install' or update your CocoaPods installation.\" >&2\n    exit 1\nfi\n# This output is used by Xcode 'outputs' to avoid re-running this script phase.\necho \"SUCCESS\" > \"${SCRIPT_OUTPUT_FILE_0}\"\n";
			showEnvVarsInLog = 0;
		};
		EBA3C73CED512FF0E0AA5998 /* [CP] Copy Pods Resources */ = {
			isa = PBXShellScriptBuildPhase;
			buildActionMask = 2147483647;
			files = (
			);
			inputPaths = (
				"${SRCROOT}/Pods/Target Support Files/Pods-datizhuanqian/Pods-datizhuanqian-resources.sh",
				"${PODS_CONFIGURATION_BUILD_DIR}/QBImagePickerController/QBImagePicker.bundle",
				"${PODS_ROOT}/../../node_modules/react-native-vector-icons/Fonts/AntDesign.ttf",
				"${PODS_ROOT}/../../node_modules/react-native-vector-icons/Fonts/Entypo.ttf",
				"${PODS_ROOT}/../../node_modules/react-native-vector-icons/Fonts/EvilIcons.ttf",
				"${PODS_ROOT}/../../node_modules/react-native-vector-icons/Fonts/Feather.ttf",
				"${PODS_ROOT}/../../node_modules/react-native-vector-icons/Fonts/FontAwesome.ttf",
				"${PODS_ROOT}/../../node_modules/react-native-vector-icons/Fonts/FontAwesome5_Brands.ttf",
				"${PODS_ROOT}/../../node_modules/react-native-vector-icons/Fonts/FontAwesome5_Regular.ttf",
				"${PODS_ROOT}/../../node_modules/react-native-vector-icons/Fonts/FontAwesome5_Solid.ttf",
				"${PODS_ROOT}/../../node_modules/react-native-vector-icons/Fonts/Fontisto.ttf",
				"${PODS_ROOT}/../../node_modules/react-native-vector-icons/Fonts/Foundation.ttf",
				"${PODS_ROOT}/../../node_modules/react-native-vector-icons/Fonts/Ionicons.ttf",
				"${PODS_ROOT}/../../node_modules/react-native-vector-icons/Fonts/MaterialCommunityIcons.ttf",
				"${PODS_ROOT}/../../node_modules/react-native-vector-icons/Fonts/MaterialIcons.ttf",
				"${PODS_ROOT}/../../node_modules/react-native-vector-icons/Fonts/Octicons.ttf",
				"${PODS_ROOT}/../../node_modules/react-native-vector-icons/Fonts/SimpleLineIcons.ttf",
				"${PODS_ROOT}/../../node_modules/react-native-vector-icons/Fonts/Zocial.ttf",
				"${PODS_ROOT}/RSKImageCropper/RSKImageCropper/RSKImageCropperStrings.bundle",
			);
			name = "[CP] Copy Pods Resources";
			outputPaths = (
				"${TARGET_BUILD_DIR}/${UNLOCALIZED_RESOURCES_FOLDER_PATH}/QBImagePicker.bundle",
				"${TARGET_BUILD_DIR}/${UNLOCALIZED_RESOURCES_FOLDER_PATH}/AntDesign.ttf",
				"${TARGET_BUILD_DIR}/${UNLOCALIZED_RESOURCES_FOLDER_PATH}/Entypo.ttf",
				"${TARGET_BUILD_DIR}/${UNLOCALIZED_RESOURCES_FOLDER_PATH}/EvilIcons.ttf",
				"${TARGET_BUILD_DIR}/${UNLOCALIZED_RESOURCES_FOLDER_PATH}/Feather.ttf",
				"${TARGET_BUILD_DIR}/${UNLOCALIZED_RESOURCES_FOLDER_PATH}/FontAwesome.ttf",
				"${TARGET_BUILD_DIR}/${UNLOCALIZED_RESOURCES_FOLDER_PATH}/FontAwesome5_Brands.ttf",
				"${TARGET_BUILD_DIR}/${UNLOCALIZED_RESOURCES_FOLDER_PATH}/FontAwesome5_Regular.ttf",
				"${TARGET_BUILD_DIR}/${UNLOCALIZED_RESOURCES_FOLDER_PATH}/FontAwesome5_Solid.ttf",
				"${TARGET_BUILD_DIR}/${UNLOCALIZED_RESOURCES_FOLDER_PATH}/Fontisto.ttf",
				"${TARGET_BUILD_DIR}/${UNLOCALIZED_RESOURCES_FOLDER_PATH}/Foundation.ttf",
				"${TARGET_BUILD_DIR}/${UNLOCALIZED_RESOURCES_FOLDER_PATH}/Ionicons.ttf",
				"${TARGET_BUILD_DIR}/${UNLOCALIZED_RESOURCES_FOLDER_PATH}/MaterialCommunityIcons.ttf",
				"${TARGET_BUILD_DIR}/${UNLOCALIZED_RESOURCES_FOLDER_PATH}/MaterialIcons.ttf",
				"${TARGET_BUILD_DIR}/${UNLOCALIZED_RESOURCES_FOLDER_PATH}/Octicons.ttf",
				"${TARGET_BUILD_DIR}/${UNLOCALIZED_RESOURCES_FOLDER_PATH}/SimpleLineIcons.ttf",
				"${TARGET_BUILD_DIR}/${UNLOCALIZED_RESOURCES_FOLDER_PATH}/Zocial.ttf",
				"${TARGET_BUILD_DIR}/${UNLOCALIZED_RESOURCES_FOLDER_PATH}/RSKImageCropperStrings.bundle",
			);
			runOnlyForDeploymentPostprocessing = 0;
			shellPath = /bin/sh;
			shellScript = "\"${SRCROOT}/Pods/Target Support Files/Pods-datizhuanqian/Pods-datizhuanqian-resources.sh\"\n";
			showEnvVarsInLog = 0;
		};
		FD10A7F022414F080027D42C /* Start Packager */ = {
			isa = PBXShellScriptBuildPhase;
			buildActionMask = 2147483647;
			files = (
			);
			inputPaths = (
			);
			name = "Start Packager";
			outputPaths = (
			);
			runOnlyForDeploymentPostprocessing = 0;
			shellPath = /bin/sh;
			shellScript = "export RCT_METRO_PORT=\"${RCT_METRO_PORT:=8081}\"\necho \"export RCT_METRO_PORT=${RCT_METRO_PORT}\" > \"${SRCROOT}/../node_modules/react-native/scripts/.packager.env\"\nif [ -z \"${RCT_NO_LAUNCH_PACKAGER+xxx}\" ] ; then\n  if nc -w 5 -z localhost ${RCT_METRO_PORT} ; then\n    if ! curl -s \"http://localhost:${RCT_METRO_PORT}/status\" | grep -q \"packager-status:running\" ; then\n      echo \"Port ${RCT_METRO_PORT} already in use, packager is either not running or not running correctly\"\n      exit 2\n    fi\n  else\n    open \"$SRCROOT/../node_modules/react-native/scripts/launchPackager.command\" || echo \"Can't start packager automatically\"\n  fi\nfi\n";
			showEnvVarsInLog = 0;
		};
		FD10A7F122414F3F0027D42C /* Start Packager */ = {
			isa = PBXShellScriptBuildPhase;
			buildActionMask = 2147483647;
			files = (
			);
			inputPaths = (
			);
			name = "Start Packager";
			outputPaths = (
			);
			runOnlyForDeploymentPostprocessing = 0;
			shellPath = /bin/sh;
			shellScript = "export RCT_METRO_PORT=\"${RCT_METRO_PORT:=8081}\"\necho \"export RCT_METRO_PORT=${RCT_METRO_PORT}\" > \"${SRCROOT}/../node_modules/react-native/scripts/.packager.env\"\nif [ -z \"${RCT_NO_LAUNCH_PACKAGER+xxx}\" ] ; then\n  if nc -w 5 -z localhost ${RCT_METRO_PORT} ; then\n    if ! curl -s \"http://localhost:${RCT_METRO_PORT}/status\" | grep -q \"packager-status:running\" ; then\n      echo \"Port ${RCT_METRO_PORT} already in use, packager is either not running or not running correctly\"\n      exit 2\n    fi\n  else\n    open \"$SRCROOT/../node_modules/react-native/scripts/launchPackager.command\" || echo \"Can't start packager automatically\"\n  fi\nfi\n";
			showEnvVarsInLog = 0;
		};
/* End PBXShellScriptBuildPhase section */

/* Begin PBXSourcesBuildPhase section */
		00E356EA1AD99517003FC87E /* Sources */ = {
			isa = PBXSourcesBuildPhase;
			buildActionMask = 2147483647;
			files = (
				00E356F31AD99517003FC87E /* datizhuanqianTests.m in Sources */,
			);
			runOnlyForDeploymentPostprocessing = 0;
		};
		13B07F871A680F5B00A75B9A /* Sources */ = {
			isa = PBXSourcesBuildPhase;
			buildActionMask = 2147483647;
			files = (
				B7DC407B2322221500406F34 /* BUDFeedNormalTableViewCell.m in Sources */,
				B7DC40822322221500406F34 /* BUDdemoDislikeCollectionCell.m in Sources */,
				B7DC40782322221500406F34 /* BUDRewardedVideoAdViewController.m in Sources */,
				B7DC40702322221500406F34 /* BUDSlotViewModel.m in Sources */,
				B7DC40732322221500406F34 /* NSString+Json.m in Sources */,
				B7DC407A2322221500406F34 /* BUDConfigHelper.m in Sources */,
				13B07FBC1A68108700A75B9A /* AppDelegate.m in Sources */,
				B7DC40712322221500406F34 /* BUDBase64.m in Sources */,
				B7DC407F2322221500406F34 /* BUDFeedStyleHelper.m in Sources */,
				B7DC40792322221500406F34 /* BUDSplashViewController.m in Sources */,
				B7DC407E2322221500406F34 /* BUDSettingTableView.m in Sources */,
				B7DC40832322221500406F34 /* BUDActionAreaView.m in Sources */,
				B7DC40842322221500406F34 /* BUDFeedNormalModel.m in Sources */,
				B7DC407C2322221500406F34 /* BUDRefreshButton.m in Sources */,
				B7DC40802322221500406F34 /* BUDDrawTableViewCell.m in Sources */,
				B7DC40812322221500406F34 /* BUDPlayerController.m in Sources */,
				B7DC40772322221500406F34 /* RewardVideo.m in Sources */,
				13B07FC11A68108700A75B9A /* main.m in Sources */,
				B7DC40762322221500406F34 /* BUDCocoaSecurity.m in Sources */,
				B7DC407D2322221500406F34 /* BUDNormalButton.m in Sources */,
				B7DC40742322221500406F34 /* NSString+LocalizedString.m in Sources */,
				B7DC4115232228AC00406F34 /* VideoUploader.m in Sources */,
				B7DC40722322221500406F34 /* UIView+Draw.m in Sources */,
				B7DC40752322221500406F34 /* RRFPSBar.m in Sources */,
			);
			runOnlyForDeploymentPostprocessing = 0;
		};
		2D02E4771E0B4A5D006451C7 /* Sources */ = {
			isa = PBXSourcesBuildPhase;
			buildActionMask = 2147483647;
			files = (
				2D02E4BF1E0B4AB3006451C7 /* main.m in Sources */,
				2D02E4BC1E0B4A80006451C7 /* AppDelegate.m in Sources */,
			);
			runOnlyForDeploymentPostprocessing = 0;
		};
		2D02E48C1E0B4A5D006451C7 /* Sources */ = {
			isa = PBXSourcesBuildPhase;
			buildActionMask = 2147483647;
			files = (
				2DCD954D1E0B4F2C00145EB5 /* datizhuanqianTests.m in Sources */,
			);
			runOnlyForDeploymentPostprocessing = 0;
		};
/* End PBXSourcesBuildPhase section */

/* Begin PBXTargetDependency section */
		00E356F51AD99517003FC87E /* PBXTargetDependency */ = {
			isa = PBXTargetDependency;
			target = 13B07F861A680F5B00A75B9A /* datizhuanqian */;
			targetProxy = 00E356F41AD99517003FC87E /* PBXContainerItemProxy */;
		};
		2D02E4921E0B4A5D006451C7 /* PBXTargetDependency */ = {
			isa = PBXTargetDependency;
			target = 2D02E47A1E0B4A5D006451C7 /* datizhuanqian-tvOS */;
			targetProxy = 2D02E4911E0B4A5D006451C7 /* PBXContainerItemProxy */;
		};
/* End PBXTargetDependency section */

/* Begin PBXVariantGroup section */
		13B07FB11A68108700A75B9A /* LaunchScreen.xib */ = {
			isa = PBXVariantGroup;
			children = (
				13B07FB21A68108700A75B9A /* Base */,
				B7DC4035232213F800406F34 /* zh-Hans */,
			);
			name = LaunchScreen.xib;
			path = datizhuanqian;
			sourceTree = "<group>";
		};
/* End PBXVariantGroup section */

/* Begin XCBuildConfiguration section */
		00E356F61AD99517003FC87E /* Debug */ = {
			isa = XCBuildConfiguration;
			baseConfigurationReference = B64735298AB520A0B2AC456F /* Pods-datizhuanqianTests.debug.xcconfig */;
			buildSettings = {
				BUNDLE_LOADER = "$(TEST_HOST)";
				GCC_PREPROCESSOR_DEFINITIONS = (
					"DEBUG=1",
					"$(inherited)",
				);
				INFOPLIST_FILE = datizhuanqianTests/Info.plist;
				IPHONEOS_DEPLOYMENT_TARGET = 9.0;
				LD_RUNPATH_SEARCH_PATHS = "$(inherited) @executable_path/Frameworks @loader_path/Frameworks";
				OTHER_LDFLAGS = (
					"-ObjC",
					"-lc++",
					"$(inherited)",
				);
				PRODUCT_BUNDLE_IDENTIFIER = "org.reactjs.native.example.$(PRODUCT_NAME:rfc1034identifier)";
				PRODUCT_NAME = "$(TARGET_NAME)";
				TEST_HOST = "$(BUILT_PRODUCTS_DIR)/datizhuanqian.app/datizhuanqian";
			};
			name = Debug;
		};
		00E356F71AD99517003FC87E /* Release */ = {
			isa = XCBuildConfiguration;
			baseConfigurationReference = 6381252283BED28B20598B43 /* Pods-datizhuanqianTests.release.xcconfig */;
			buildSettings = {
				BUNDLE_LOADER = "$(TEST_HOST)";
				COPY_PHASE_STRIP = NO;
				INFOPLIST_FILE = datizhuanqianTests/Info.plist;
				IPHONEOS_DEPLOYMENT_TARGET = 9.0;
				LD_RUNPATH_SEARCH_PATHS = "$(inherited) @executable_path/Frameworks @loader_path/Frameworks";
				OTHER_LDFLAGS = (
					"-ObjC",
					"-lc++",
					"$(inherited)",
				);
				PRODUCT_BUNDLE_IDENTIFIER = "org.reactjs.native.example.$(PRODUCT_NAME:rfc1034identifier)";
				PRODUCT_NAME = "$(TARGET_NAME)";
				TEST_HOST = "$(BUILT_PRODUCTS_DIR)/datizhuanqian.app/datizhuanqian";
			};
			name = Release;
		};
		13B07F941A680F5B00A75B9A /* Debug */ = {
			isa = XCBuildConfiguration;
			baseConfigurationReference = 70088C9662D34A4F8A8057A9 /* Pods-datizhuanqian.debug.xcconfig */;
			buildSettings = {
				ASSETCATALOG_COMPILER_APPICON_NAME = AppIcon;
				CODE_SIGN_STYLE = Manual;
				CURRENT_PROJECT_VERSION = 1;
				DEAD_CODE_STRIPPING = NO;
				DEVELOPMENT_TEAM = 44232M6892;
				FRAMEWORK_SEARCH_PATHS = (
					"$(inherited)",
					"$(PROJECT_DIR)/datizhuanqian/sdk",
				);
				INFOPLIST_FILE = datizhuanqian/Info.plist;
				LD_RUNPATH_SEARCH_PATHS = "$(inherited) @executable_path/Frameworks";
				OTHER_LDFLAGS = (
					"$(inherited)",
					"-ObjC",
					"-lc++",
				);
				PRODUCT_BUNDLE_IDENTIFIER = com.dazhuan;
				PRODUCT_NAME = datizhuanqian;
				PROVISIONING_PROFILE_SPECIFIER = dazhuan_test;
				VERSIONING_SYSTEM = "apple-generic";
			};
			name = Debug;
		};
		13B07F951A680F5B00A75B9A /* Release */ = {
			isa = XCBuildConfiguration;
			baseConfigurationReference = F28BBF40C4289EBE6C7B5F7F /* Pods-datizhuanqian.release.xcconfig */;
			buildSettings = {
				ASSETCATALOG_COMPILER_APPICON_NAME = AppIcon;
				CODE_SIGN_STYLE = Manual;
				CURRENT_PROJECT_VERSION = 1;
				DEVELOPMENT_TEAM = 44232M6892;
				FRAMEWORK_SEARCH_PATHS = (
					"$(inherited)",
					"$(PROJECT_DIR)/datizhuanqian/sdk",
				);
				INFOPLIST_FILE = datizhuanqian/Info.plist;
				LD_RUNPATH_SEARCH_PATHS = "$(inherited) @executable_path/Frameworks";
				OTHER_LDFLAGS = (
					"$(inherited)",
					"-ObjC",
					"-lc++",
				);
				PRODUCT_BUNDLE_IDENTIFIER = com.dazhuan;
				PRODUCT_NAME = datizhuanqian;
				PROVISIONING_PROFILE_SPECIFIER = dazhuan_test;
				VERSIONING_SYSTEM = "apple-generic";
			};
			name = Release;
		};
		2D02E4971E0B4A5E006451C7 /* Debug */ = {
			isa = XCBuildConfiguration;
			baseConfigurationReference = C07064FB237BAAA7BB3DC2FA /* Pods-datizhuanqian-tvOS.debug.xcconfig */;
			buildSettings = {
				ASSETCATALOG_COMPILER_APPICON_NAME = "App Icon & Top Shelf Image";
				ASSETCATALOG_COMPILER_LAUNCHIMAGE_NAME = LaunchImage;
				CLANG_ANALYZER_NONNULL = YES;
				CLANG_WARN_DOCUMENTATION_COMMENTS = YES;
				CLANG_WARN_INFINITE_RECURSION = YES;
				CLANG_WARN_SUSPICIOUS_MOVE = YES;
				DEBUG_INFORMATION_FORMAT = dwarf;
				ENABLE_TESTABILITY = YES;
				GCC_NO_COMMON_BLOCKS = YES;
				INFOPLIST_FILE = "datizhuanqian-tvOS/Info.plist";
				LD_RUNPATH_SEARCH_PATHS = "$(inherited) @executable_path/Frameworks";
				OTHER_LDFLAGS = (
					"$(inherited)",
					"-ObjC",
					"-lc++",
				);
				PRODUCT_BUNDLE_IDENTIFIER = "com.facebook.REACT.datizhuanqian-tvOS";
				PRODUCT_NAME = "$(TARGET_NAME)";
				SDKROOT = appletvos;
				TARGETED_DEVICE_FAMILY = 3;
				TVOS_DEPLOYMENT_TARGET = 9.2;
			};
			name = Debug;
		};
		2D02E4981E0B4A5E006451C7 /* Release */ = {
			isa = XCBuildConfiguration;
			baseConfigurationReference = 3A25B9EBFD610A67112AF646 /* Pods-datizhuanqian-tvOS.release.xcconfig */;
			buildSettings = {
				ASSETCATALOG_COMPILER_APPICON_NAME = "App Icon & Top Shelf Image";
				ASSETCATALOG_COMPILER_LAUNCHIMAGE_NAME = LaunchImage;
				CLANG_ANALYZER_NONNULL = YES;
				CLANG_WARN_DOCUMENTATION_COMMENTS = YES;
				CLANG_WARN_INFINITE_RECURSION = YES;
				CLANG_WARN_SUSPICIOUS_MOVE = YES;
				COPY_PHASE_STRIP = NO;
				DEBUG_INFORMATION_FORMAT = "dwarf-with-dsym";
				GCC_NO_COMMON_BLOCKS = YES;
				INFOPLIST_FILE = "datizhuanqian-tvOS/Info.plist";
				LD_RUNPATH_SEARCH_PATHS = "$(inherited) @executable_path/Frameworks";
				OTHER_LDFLAGS = (
					"$(inherited)",
					"-ObjC",
					"-lc++",
				);
				PRODUCT_BUNDLE_IDENTIFIER = "com.facebook.REACT.datizhuanqian-tvOS";
				PRODUCT_NAME = "$(TARGET_NAME)";
				SDKROOT = appletvos;
				TARGETED_DEVICE_FAMILY = 3;
				TVOS_DEPLOYMENT_TARGET = 9.2;
			};
			name = Release;
		};
		2D02E4991E0B4A5E006451C7 /* Debug */ = {
			isa = XCBuildConfiguration;
			baseConfigurationReference = 2FEBDA527EB58E96CB985C4E /* Pods-datizhuanqian-tvOSTests.debug.xcconfig */;
			buildSettings = {
				BUNDLE_LOADER = "$(TEST_HOST)";
				CLANG_ANALYZER_NONNULL = YES;
				CLANG_WARN_DOCUMENTATION_COMMENTS = YES;
				CLANG_WARN_INFINITE_RECURSION = YES;
				CLANG_WARN_SUSPICIOUS_MOVE = YES;
				DEBUG_INFORMATION_FORMAT = dwarf;
				ENABLE_TESTABILITY = YES;
				GCC_NO_COMMON_BLOCKS = YES;
				INFOPLIST_FILE = "datizhuanqian-tvOSTests/Info.plist";
				LD_RUNPATH_SEARCH_PATHS = "$(inherited) @executable_path/Frameworks @loader_path/Frameworks";
				OTHER_LDFLAGS = (
					"$(inherited)",
					"-ObjC",
					"-lc++",
				);
				PRODUCT_BUNDLE_IDENTIFIER = "com.facebook.REACT.datizhuanqian-tvOSTests";
				PRODUCT_NAME = "$(TARGET_NAME)";
				SDKROOT = appletvos;
				TEST_HOST = "$(BUILT_PRODUCTS_DIR)/datizhuanqian-tvOS.app/datizhuanqian-tvOS";
				TVOS_DEPLOYMENT_TARGET = 10.1;
			};
			name = Debug;
		};
		2D02E49A1E0B4A5E006451C7 /* Release */ = {
			isa = XCBuildConfiguration;
			baseConfigurationReference = 64047225AD427458512FEEC1 /* Pods-datizhuanqian-tvOSTests.release.xcconfig */;
			buildSettings = {
				BUNDLE_LOADER = "$(TEST_HOST)";
				CLANG_ANALYZER_NONNULL = YES;
				CLANG_WARN_DOCUMENTATION_COMMENTS = YES;
				CLANG_WARN_INFINITE_RECURSION = YES;
				CLANG_WARN_SUSPICIOUS_MOVE = YES;
				COPY_PHASE_STRIP = NO;
				DEBUG_INFORMATION_FORMAT = "dwarf-with-dsym";
				GCC_NO_COMMON_BLOCKS = YES;
				INFOPLIST_FILE = "datizhuanqian-tvOSTests/Info.plist";
				LD_RUNPATH_SEARCH_PATHS = "$(inherited) @executable_path/Frameworks @loader_path/Frameworks";
				OTHER_LDFLAGS = (
					"$(inherited)",
					"-ObjC",
					"-lc++",
				);
				PRODUCT_BUNDLE_IDENTIFIER = "com.facebook.REACT.datizhuanqian-tvOSTests";
				PRODUCT_NAME = "$(TARGET_NAME)";
				SDKROOT = appletvos;
				TEST_HOST = "$(BUILT_PRODUCTS_DIR)/datizhuanqian-tvOS.app/datizhuanqian-tvOS";
				TVOS_DEPLOYMENT_TARGET = 10.1;
			};
			name = Release;
		};
		83CBBA201A601CBA00E9B192 /* Debug */ = {
			isa = XCBuildConfiguration;
			buildSettings = {
				ALWAYS_SEARCH_USER_PATHS = NO;
				CLANG_CXX_LANGUAGE_STANDARD = "gnu++0x";
				CLANG_CXX_LIBRARY = "libc++";
				CLANG_ENABLE_MODULES = YES;
				CLANG_ENABLE_OBJC_ARC = YES;
				CLANG_WARN_BLOCK_CAPTURE_AUTORELEASING = YES;
				CLANG_WARN_BOOL_CONVERSION = YES;
				CLANG_WARN_COMMA = YES;
				CLANG_WARN_CONSTANT_CONVERSION = YES;
				CLANG_WARN_DEPRECATED_OBJC_IMPLEMENTATIONS = YES;
				CLANG_WARN_DIRECT_OBJC_ISA_USAGE = YES_ERROR;
				CLANG_WARN_EMPTY_BODY = YES;
				CLANG_WARN_ENUM_CONVERSION = YES;
				CLANG_WARN_INFINITE_RECURSION = YES;
				CLANG_WARN_INT_CONVERSION = YES;
				CLANG_WARN_NON_LITERAL_NULL_CONVERSION = YES;
				CLANG_WARN_OBJC_IMPLICIT_RETAIN_SELF = YES;
				CLANG_WARN_OBJC_LITERAL_CONVERSION = YES;
				CLANG_WARN_OBJC_ROOT_CLASS = YES_ERROR;
				CLANG_WARN_RANGE_LOOP_ANALYSIS = YES;
				CLANG_WARN_STRICT_PROTOTYPES = YES;
				CLANG_WARN_SUSPICIOUS_MOVE = YES;
				CLANG_WARN_UNREACHABLE_CODE = YES;
				CLANG_WARN__DUPLICATE_METHOD_MATCH = YES;
				"CODE_SIGN_IDENTITY[sdk=iphoneos*]" = "iPhone Developer";
				COPY_PHASE_STRIP = NO;
				ENABLE_STRICT_OBJC_MSGSEND = YES;
				ENABLE_TESTABILITY = YES;
				GCC_C_LANGUAGE_STANDARD = gnu99;
				GCC_DYNAMIC_NO_PIC = NO;
				GCC_NO_COMMON_BLOCKS = YES;
				GCC_OPTIMIZATION_LEVEL = 0;
				GCC_PREPROCESSOR_DEFINITIONS = (
					"DEBUG=1",
					"$(inherited)",
				);
				GCC_SYMBOLS_PRIVATE_EXTERN = NO;
				GCC_WARN_64_TO_32_BIT_CONVERSION = YES;
				GCC_WARN_ABOUT_RETURN_TYPE = YES_ERROR;
				GCC_WARN_UNDECLARED_SELECTOR = YES;
				GCC_WARN_UNINITIALIZED_AUTOS = YES_AGGRESSIVE;
				GCC_WARN_UNUSED_FUNCTION = YES;
				GCC_WARN_UNUSED_VARIABLE = YES;
				IPHONEOS_DEPLOYMENT_TARGET = 9.0;
				MTL_ENABLE_DEBUG_INFO = YES;
				ONLY_ACTIVE_ARCH = YES;
				SDKROOT = iphoneos;
			};
			name = Debug;
		};
		83CBBA211A601CBA00E9B192 /* Release */ = {
			isa = XCBuildConfiguration;
			buildSettings = {
				ALWAYS_SEARCH_USER_PATHS = NO;
				CLANG_CXX_LANGUAGE_STANDARD = "gnu++0x";
				CLANG_CXX_LIBRARY = "libc++";
				CLANG_ENABLE_MODULES = YES;
				CLANG_ENABLE_OBJC_ARC = YES;
				CLANG_WARN_BLOCK_CAPTURE_AUTORELEASING = YES;
				CLANG_WARN_BOOL_CONVERSION = YES;
				CLANG_WARN_COMMA = YES;
				CLANG_WARN_CONSTANT_CONVERSION = YES;
				CLANG_WARN_DEPRECATED_OBJC_IMPLEMENTATIONS = YES;
				CLANG_WARN_DIRECT_OBJC_ISA_USAGE = YES_ERROR;
				CLANG_WARN_EMPTY_BODY = YES;
				CLANG_WARN_ENUM_CONVERSION = YES;
				CLANG_WARN_INFINITE_RECURSION = YES;
				CLANG_WARN_INT_CONVERSION = YES;
				CLANG_WARN_NON_LITERAL_NULL_CONVERSION = YES;
				CLANG_WARN_OBJC_IMPLICIT_RETAIN_SELF = YES;
				CLANG_WARN_OBJC_LITERAL_CONVERSION = YES;
				CLANG_WARN_OBJC_ROOT_CLASS = YES_ERROR;
				CLANG_WARN_RANGE_LOOP_ANALYSIS = YES;
				CLANG_WARN_STRICT_PROTOTYPES = YES;
				CLANG_WARN_SUSPICIOUS_MOVE = YES;
				CLANG_WARN_UNREACHABLE_CODE = YES;
				CLANG_WARN__DUPLICATE_METHOD_MATCH = YES;
				"CODE_SIGN_IDENTITY[sdk=iphoneos*]" = "iPhone Developer";
				COPY_PHASE_STRIP = YES;
				ENABLE_NS_ASSERTIONS = NO;
				ENABLE_STRICT_OBJC_MSGSEND = YES;
				GCC_C_LANGUAGE_STANDARD = gnu99;
				GCC_NO_COMMON_BLOCKS = YES;
				GCC_WARN_64_TO_32_BIT_CONVERSION = YES;
				GCC_WARN_ABOUT_RETURN_TYPE = YES_ERROR;
				GCC_WARN_UNDECLARED_SELECTOR = YES;
				GCC_WARN_UNINITIALIZED_AUTOS = YES_AGGRESSIVE;
				GCC_WARN_UNUSED_FUNCTION = YES;
				GCC_WARN_UNUSED_VARIABLE = YES;
				IPHONEOS_DEPLOYMENT_TARGET = 9.0;
				MTL_ENABLE_DEBUG_INFO = NO;
				SDKROOT = iphoneos;
				VALIDATE_PRODUCT = YES;
			};
			name = Release;
		};
/* End XCBuildConfiguration section */

/* Begin XCConfigurationList section */
		00E357021AD99517003FC87E /* Build configuration list for PBXNativeTarget "datizhuanqianTests" */ = {
			isa = XCConfigurationList;
			buildConfigurations = (
				00E356F61AD99517003FC87E /* Debug */,
				00E356F71AD99517003FC87E /* Release */,
			);
			defaultConfigurationIsVisible = 0;
			defaultConfigurationName = Release;
		};
		13B07F931A680F5B00A75B9A /* Build configuration list for PBXNativeTarget "datizhuanqian" */ = {
			isa = XCConfigurationList;
			buildConfigurations = (
				13B07F941A680F5B00A75B9A /* Debug */,
				13B07F951A680F5B00A75B9A /* Release */,
			);
			defaultConfigurationIsVisible = 0;
			defaultConfigurationName = Release;
		};
		2D02E4BA1E0B4A5E006451C7 /* Build configuration list for PBXNativeTarget "datizhuanqian-tvOS" */ = {
			isa = XCConfigurationList;
			buildConfigurations = (
				2D02E4971E0B4A5E006451C7 /* Debug */,
				2D02E4981E0B4A5E006451C7 /* Release */,
			);
			defaultConfigurationIsVisible = 0;
			defaultConfigurationName = Release;
		};
		2D02E4BB1E0B4A5E006451C7 /* Build configuration list for PBXNativeTarget "datizhuanqian-tvOSTests" */ = {
			isa = XCConfigurationList;
			buildConfigurations = (
				2D02E4991E0B4A5E006451C7 /* Debug */,
				2D02E49A1E0B4A5E006451C7 /* Release */,
			);
			defaultConfigurationIsVisible = 0;
			defaultConfigurationName = Release;
		};
		83CBB9FA1A601CBA00E9B192 /* Build configuration list for PBXProject "datizhuanqian" */ = {
			isa = XCConfigurationList;
			buildConfigurations = (
				83CBBA201A601CBA00E9B192 /* Debug */,
				83CBBA211A601CBA00E9B192 /* Release */,
			);
			defaultConfigurationIsVisible = 0;
			defaultConfigurationName = Release;
		};
/* End XCConfigurationList section */
	};
	rootObject = 83CBB9F71A601CBA00E9B192 /* Project object */;
}
