PODS:
  - appcenter (2.2.0):
    - AppCenterReactNativeShared
    - React
  - appcenter-analytics (2.2.0):
    - AppCenter/Analytics
    - AppCenterReactNativeShared
    - React
  - appcenter-crashes (2.2.0):
    - AppCenter/Crashes
    - AppCenterReactNativeShared
    - React
  - AppCenter/Analytics (1.12.0):
    - AppCenter/Core
  - AppCenter/Core (1.12.0)
  - AppCenter/Crashes (1.12.0):
    - AppCenter/Core
  - AppCenterReactNativeShared (1.11.0):
    - AppCenter/Core (= 1.12.0)
  - Base64 (1.1.2)
  - boost-for-react-native (1.63.0)
  - CodePush (5.7.0):
    - Base64 (~> 1.1)
    - JWT (~> 3.0.0-beta.7)
    - React
    - SSZipArchive (~> 2.1)
  - DoubleConversion (1.1.6)
  - Folly (2018.10.22.00):
    - boost-for-react-native
    - DoubleConversion
    - Folly/Default (= 2018.10.22.00)
    - glog
  - Folly/Default (2018.10.22.00):
    - boost-for-react-native
    - DoubleConversion
    - glog
  - glog (0.3.5)
  - JCoreRN (1.3.2):
    - React
  - JPushRN (2.5.3):
    - React
  - JWT (3.0.0-beta.11):
    - Base64 (~> 1.1.2)
  - Picker (4.3.7):
    - Picker/Core (= 4.3.7)
  - Picker/Core (4.3.7):
    - React
  - QBImagePickerController (3.4.0)
  - React (0.60.4):
    - React-Core (= 0.60.4)
    - React-DevSupport (= 0.60.4)
    - React-RCTActionSheet (= 0.60.4)
    - React-RCTAnimation (= 0.60.4)
    - React-RCTBlob (= 0.60.4)
    - React-RCTImage (= 0.60.4)
    - React-RCTLinking (= 0.60.4)
    - React-RCTNetwork (= 0.60.4)
    - React-RCTSettings (= 0.60.4)
    - React-RCTText (= 0.60.4)
    - React-RCTVibration (= 0.60.4)
    - React-RCTWebSocket (= 0.60.4)
  - React-Core (0.60.4):
    - Folly (= 2018.10.22.00)
    - React-cxxreact (= 0.60.4)
    - React-jsiexecutor (= 0.60.4)
    - yoga (= 0.60.4.React)
  - React-cxxreact (0.60.4):
    - boost-for-react-native (= 1.63.0)
    - DoubleConversion
    - Folly (= 2018.10.22.00)
    - glog
    - React-jsinspector (= 0.60.4)
  - React-DevSupport (0.60.4):
    - React-Core (= 0.60.4)
    - React-RCTWebSocket (= 0.60.4)
  - React-fishhook (0.60.4)
  - React-jsi (0.60.4):
    - boost-for-react-native (= 1.63.0)
    - DoubleConversion
    - Folly (= 2018.10.22.00)
    - glog
    - React-jsi/Default (= 0.60.4)
  - React-jsi/Default (0.60.4):
    - boost-for-react-native (= 1.63.0)
    - DoubleConversion
    - Folly (= 2018.10.22.00)
    - glog
  - React-jsiexecutor (0.60.4):
    - DoubleConversion
    - Folly (= 2018.10.22.00)
    - glog
    - React-cxxreact (= 0.60.4)
    - React-jsi (= 0.60.4)
  - React-jsinspector (0.60.4)
  - react-native-cameraroll (1.2.1):
    - React
  - react-native-config (0.11.7):
    - React
  - react-native-netinfo (4.1.5):
    - React
  - react-native-orientation (3.1.3):
    - React
  - react-native-slider (2.0.0):
    - React
  - react-native-splash-screen (3.2.0):
    - React
  - react-native-video (5.0.0):
    - React
    - react-native-video/Video (= 5.0.0)
  - react-native-video/Video (5.0.0):
    - React
  - react-native-view-shot (3.0.2):
    - React
  - react-native-webview (6.11.1):
    - React
  - React-RCTActionSheet (0.60.4):
    - React-Core (= 0.60.4)
  - React-RCTAnimation (0.60.4):
    - React-Core (= 0.60.4)
  - React-RCTBlob (0.60.4):
    - React-Core (= 0.60.4)
    - React-RCTNetwork (= 0.60.4)
    - React-RCTWebSocket (= 0.60.4)
  - React-RCTImage (0.60.4):
    - React-Core (= 0.60.4)
    - React-RCTNetwork (= 0.60.4)
  - React-RCTLinking (0.60.4):
    - React-Core (= 0.60.4)
  - React-RCTNetwork (0.60.4):
    - React-Core (= 0.60.4)
  - React-RCTSettings (0.60.4):
    - React-Core (= 0.60.4)
  - React-RCTText (0.60.4):
    - React-Core (= 0.60.4)
  - React-RCTVibration (0.60.4):
    - React-Core (= 0.60.4)
  - React-RCTWebSocket (0.60.4):
    - React-Core (= 0.60.4)
    - React-fishhook (= 0.60.4)
  - RNCAsyncStorage (1.6.1):
    - React
  - RNDeviceInfo (2.3.2):
    - React
  - RNGestureHandler (1.4.1):
    - React
  - RNImageCropPicker (0.25.0):
    - QBImagePickerController
    - React-Core
    - React-RCTImage
    - RSKImageCropper
  - RNSVG (9.6.2):
    - React
  - RNVectorIcons (6.6.0):
    - React
  - RSKImageCropper (2.2.1)
  - SSZipArchive (2.1.4)
  - yoga (0.60.4.React)

DEPENDENCIES:
  - appcenter (from `../node_modules/appcenter`)
  - appcenter-analytics (from `../node_modules/appcenter-analytics`)
  - appcenter-crashes (from `../node_modules/appcenter-crashes`)
  - CodePush (from `../node_modules/react-native-code-push`)
  - DoubleConversion (from `../node_modules/react-native/third-party-podspecs/DoubleConversion.podspec`)
  - Folly (from `../node_modules/react-native/third-party-podspecs/Folly.podspec`)
  - glog (from `../node_modules/react-native/third-party-podspecs/glog.podspec`)
  - JCoreRN (from `../node_modules/jcore-react-native`)
  - JPushRN (from `../node_modules/jpush-react-native`)
  - Picker (from `../node_modules/react-native-picker`)
  - React (from `../node_modules/react-native/`)
  - React-Core (from `../node_modules/react-native/React`)
  - React-cxxreact (from `../node_modules/react-native/ReactCommon/cxxreact`)
  - React-DevSupport (from `../node_modules/react-native/React`)
  - React-fishhook (from `../node_modules/react-native/Libraries/fishhook`)
  - React-jsi (from `../node_modules/react-native/ReactCommon/jsi`)
  - React-jsiexecutor (from `../node_modules/react-native/ReactCommon/jsiexecutor`)
  - React-jsinspector (from `../node_modules/react-native/ReactCommon/jsinspector`)
  - "react-native-cameraroll (from `../node_modules/@react-native-community/cameraroll`)"
  - react-native-config (from `../node_modules/react-native-config`)
  - "react-native-netinfo (from `../node_modules/@react-native-community/netinfo`)"
  - react-native-orientation (from `../node_modules/react-native-orientation`)
  - "react-native-slider (from `../node_modules/@react-native-community/slider`)"
  - react-native-splash-screen (from `../node_modules/react-native-splash-screen`)
  - react-native-video (from `../node_modules/react-native-video`)
  - react-native-view-shot (from `../node_modules/react-native-view-shot`)
  - react-native-webview (from `../node_modules/react-native-webview`)
  - React-RCTActionSheet (from `../node_modules/react-native/Libraries/ActionSheetIOS`)
  - React-RCTAnimation (from `../node_modules/react-native/Libraries/NativeAnimation`)
  - React-RCTBlob (from `../node_modules/react-native/Libraries/Blob`)
  - React-RCTImage (from `../node_modules/react-native/Libraries/Image`)
  - React-RCTLinking (from `../node_modules/react-native/Libraries/LinkingIOS`)
  - React-RCTNetwork (from `../node_modules/react-native/Libraries/Network`)
  - React-RCTSettings (from `../node_modules/react-native/Libraries/Settings`)
  - React-RCTText (from `../node_modules/react-native/Libraries/Text`)
  - React-RCTVibration (from `../node_modules/react-native/Libraries/Vibration`)
  - React-RCTWebSocket (from `../node_modules/react-native/Libraries/WebSocket`)
  - "RNCAsyncStorage (from `../node_modules/@react-native-community/async-storage`)"
  - RNDeviceInfo (from `../node_modules/react-native-device-info`)
  - RNGestureHandler (from `../node_modules/react-native-gesture-handler`)
  - RNImageCropPicker (from `../node_modules/react-native-image-crop-picker`)
  - RNSVG (from `../node_modules/react-native-svg`)
  - RNVectorIcons (from `../node_modules/react-native-vector-icons`)
  - yoga (from `../node_modules/react-native/ReactCommon/yoga`)

SPEC REPOS:
  https://github.com/cocoapods/specs.git:
    - AppCenter
    - AppCenterReactNativeShared
    - Base64
    - boost-for-react-native
    - JWT
    - QBImagePickerController
    - RSKImageCropper
    - SSZipArchive

EXTERNAL SOURCES:
  appcenter:
    :path: "../node_modules/appcenter"
  appcenter-analytics:
    :path: "../node_modules/appcenter-analytics"
  appcenter-crashes:
    :path: "../node_modules/appcenter-crashes"
  CodePush:
    :path: "../node_modules/react-native-code-push"
  DoubleConversion:
    :podspec: "../node_modules/react-native/third-party-podspecs/DoubleConversion.podspec"
  Folly:
    :podspec: "../node_modules/react-native/third-party-podspecs/Folly.podspec"
  glog:
    :podspec: "../node_modules/react-native/third-party-podspecs/glog.podspec"
  JCoreRN:
    :path: "../node_modules/jcore-react-native"
  JPushRN:
    :path: "../node_modules/jpush-react-native"
  Picker:
    :path: "../node_modules/react-native-picker"
  React:
    :path: "../node_modules/react-native/"
  React-Core:
    :path: "../node_modules/react-native/React"
  React-cxxreact:
    :path: "../node_modules/react-native/ReactCommon/cxxreact"
  React-DevSupport:
    :path: "../node_modules/react-native/React"
  React-fishhook:
    :path: "../node_modules/react-native/Libraries/fishhook"
  React-jsi:
    :path: "../node_modules/react-native/ReactCommon/jsi"
  React-jsiexecutor:
    :path: "../node_modules/react-native/ReactCommon/jsiexecutor"
  React-jsinspector:
    :path: "../node_modules/react-native/ReactCommon/jsinspector"
  react-native-cameraroll:
    :path: "../node_modules/@react-native-community/cameraroll"
  react-native-config:
    :path: "../node_modules/react-native-config"
  react-native-netinfo:
    :path: "../node_modules/@react-native-community/netinfo"
  react-native-orientation:
    :path: "../node_modules/react-native-orientation"
  react-native-slider:
    :path: "../node_modules/@react-native-community/slider"
  react-native-splash-screen:
    :path: "../node_modules/react-native-splash-screen"
  react-native-video:
    :path: "../node_modules/react-native-video"
  react-native-view-shot:
    :path: "../node_modules/react-native-view-shot"
  react-native-webview:
    :path: "../node_modules/react-native-webview"
  React-RCTActionSheet:
    :path: "../node_modules/react-native/Libraries/ActionSheetIOS"
  React-RCTAnimation:
    :path: "../node_modules/react-native/Libraries/NativeAnimation"
  React-RCTBlob:
    :path: "../node_modules/react-native/Libraries/Blob"
  React-RCTImage:
    :path: "../node_modules/react-native/Libraries/Image"
  React-RCTLinking:
    :path: "../node_modules/react-native/Libraries/LinkingIOS"
  React-RCTNetwork:
    :path: "../node_modules/react-native/Libraries/Network"
  React-RCTSettings:
    :path: "../node_modules/react-native/Libraries/Settings"
  React-RCTText:
    :path: "../node_modules/react-native/Libraries/Text"
  React-RCTVibration:
    :path: "../node_modules/react-native/Libraries/Vibration"
  React-RCTWebSocket:
    :path: "../node_modules/react-native/Libraries/WebSocket"
  RNCAsyncStorage:
    :path: "../node_modules/@react-native-community/async-storage"
  RNDeviceInfo:
    :path: "../node_modules/react-native-device-info"
  RNGestureHandler:
    :path: "../node_modules/react-native-gesture-handler"
  RNImageCropPicker:
    :path: "../node_modules/react-native-image-crop-picker"
  RNSVG:
    :path: "../node_modules/react-native-svg"
  RNVectorIcons:
    :path: "../node_modules/react-native-vector-icons"
  yoga:
    :path: "../node_modules/react-native/ReactCommon/yoga"

SPEC CHECKSUMS:
  AppCenter: 4d27bdafd74b1b3e90946b9989fd6011a7e39c5e
  appcenter: 751d5e9592c58768f1ddeb1574c7eaa83d0c3176
  appcenter-analytics: 06f728fa22f6a5043c989bcbadd7946f19f41347
  appcenter-crashes: a2be5031df97dcab4357f429e74cec4c67f4d158
  AppCenterReactNativeShared: 74a1c684b8183b3edef0a7e41d567fe8bd31075d
  Base64: cecfb41a004124895a7bcee567a89bae5a89d49b
  boost-for-react-native: 39c7adb57c4e60d6c5479dd8623128eb5b3f0f2c
  CodePush: f6b348759cdc42c734d9c3a46ceb2997c270b12e
  DoubleConversion: 5805e889d232975c086db112ece9ed034df7a0b2
  Folly: 30e7936e1c45c08d884aa59369ed951a8e68cf51
  glog: 1f3da668190260b06b429bb211bfbee5cd790c28
  JCoreRN: 5dff1e0264ee9fd57a0bc9b8cb2411b3c553e241
  JPushRN: bdaefc1f0442d90ef4035f47e29e4268ee6a11f2
  JWT: 05028b9624591bba9681bb57df2c5f95fa258bad
  Picker: 67a2566d9ff6b141d505d88b9177f905aaa5f1a6
  QBImagePickerController: d54cf93db6decf26baf6ed3472f336ef35cae022
  React: c438ccc7e14e86d4702bb92d7e262f549ffaa995
  React-Core: c76495f5c14e73c0f803b89c3fa83f804da61bd6
  React-cxxreact: f64bc64cf4682d6ea5a064f6017da72482858682
  React-DevSupport: 30336bca00f72681eac995d21a31b963e7d5cfec
  React-fishhook: 73dc8058ca42828cc92e8fbba6cd9571100e10ca
  React-jsi: 40f467ff088c811c6630acccb4aea57ea7ccb1b5
  React-jsiexecutor: e4b4717060a0cd8d0270323b5655a68c95432efd
  React-jsinspector: 044105eea064aec81adc5e4d777a8f6589e7d094
  react-native-cameraroll: a0817e9d2e054f166500e3ca1c70f2e7c615c66a
  react-native-config: 8c2a92aa66a6cec1a23d9eda7ba6fcf31a63ace5
  react-native-netinfo: a91b5cf92ed3ada997cfe2bf067633386eb19fd8
  react-native-orientation: 3d9a0a8273d18260f7528414093a6a36491382b6
  react-native-slider: cb7f3bbc9a56d4abb4cd13571fff013452ec6c7e
  react-native-splash-screen: a49be22f0f6648b8416f3bd28258645eeaa5b42b
  react-native-video: 44c6befbc1526283ca1919891fcebe4680feade4
  react-native-view-shot: 9236ae484e6eecb0945237b50d72cf766e6d8254
  react-native-webview: ad9581723f4d401c22cb3a371811d4dc9310df56
  React-RCTActionSheet: 08864c609d9f959abf3d51fdd93f8bc6e91f21eb
  React-RCTAnimation: a4547e9fac2627ded3df9d302f5558b475faf819
  React-RCTBlob: 62d5c263a2adb8f7a2cafd601beba18a2d99cbbb
  React-RCTImage: 963859de2b05d2037d1b7842cdbddc8d7f3a2f3b
  React-RCTLinking: 5998a7db9a6156ed112b006d01f76b2d1cc83d98
  React-RCTNetwork: 0b676e8194f3f893db813007d37e37e9820173a3
  React-RCTSettings: fdd7606f1b6050eced69fc6046d5db6768aefd57
  React-RCTText: 36c0532feb5521cb295ba80e7e44b70cf1c36fc7
  React-RCTVibration: dabb8d59bb47e1d9124b3f77bfdc1b33d42b0a74
  React-RCTWebSocket: f32b93e0953d7c07fd5dd45305406282cfdc95cf
  RNCAsyncStorage: e99188b8a89ea0edddc82d8831cd5142f4550fdc
  RNDeviceInfo: 5b5b42b12587207b6bd686441ac42d19d8e07933
  RNGestureHandler: 311e3b1cef021a7c9ef31e97e7dc31970cc6288d
  RNImageCropPicker: c406db73f02f11bf3a887f856ff04ee50af173f4
  RNSVG: 2e097b92aaa6d4e0f354fd7c49cbf3b17f8b3920
  RNVectorIcons: 66af4d5c8ff4f584c7b7cd9c4b0780920f27fce2
  RSKImageCropper: 98296ad26b41753f796b6898d015509598f13d97
  SSZipArchive: 41455d4b8d2b6ab93990820b50dc697c2554a322
  yoga: 88c514f310aff89b94a14c5fbf44b95735af0cb7

PODFILE CHECKSUM: 312bcb4cec0f9c73bda687a59aead31c9e68ed90

COCOAPODS: 1.5.3
